// !$*UTF8*$!
{
	archiveVersion = 1;
	classes = {
	};
	objectVersion = 46;
	objects = {

/* Begin PBXBuildFile section */
		8F8A15391EC481290058775A /* AppDelegate.swift in Sources */ = {isa = PBXBuildFile; fileRef = 8F8A15381EC481290058775A /* AppDelegate.swift */; };
		8F8A153B1EC481290058775A /* ViewController.swift in Sources */ = {isa = PBXBuildFile; fileRef = 8F8A153A1EC481290058775A /* ViewController.swift */; };
		8F8A153E1EC481290058775A /* Main.storyboard in Resources */ = {isa = PBXBuildFile; fileRef = 8F8A153C1EC481290058775A /* Main.storyboard */; };
		8F8A15401EC481290058775A /* Assets.xcassets in Resources */ = {isa = PBXBuildFile; fileRef = 8F8A153F1EC481290058775A /* Assets.xcassets */; };
		8F8A15431EC481290058775A /* LaunchScreen.storyboard in Resources */ = {isa = PBXBuildFile; fileRef = 8F8A15411EC481290058775A /* LaunchScreen.storyboard */; };
/* End PBXBuildFile section */

/* Begin PBXFileReference section */
		8F8A15351EC481290058775A /* MetaCom.app */ = {isa = PBXFileReference; explicitFileType = wrapper.application; includeInIndex = 0; path = MetaCom.app; sourceTree = BUILT_PRODUCTS_DIR; };
		8F8A15381EC481290058775A /* AppDelegate.swift */ = {isa = PBXFileReference; lastKnownFileType = sourcecode.swift; path = AppDelegate.swift; sourceTree = "<group>"; };
		8F8A153A1EC481290058775A /* ViewController.swift */ = {isa = PBXFileReference; lastKnownFileType = sourcecode.swift; path = ViewController.swift; sourceTree = "<group>"; };
		8F8A153D1EC481290058775A /* Base */ = {isa = PBXFileReference; lastKnownFileType = file.storyboard; name = Base; path = Base.lproj/Main.storyboard; sourceTree = "<group>"; };
		8F8A153F1EC481290058775A /* Assets.xcassets */ = {isa = PBXFileReference; lastKnownFileType = folder.assetcatalog; path = Assets.xcassets; sourceTree = "<group>"; };
		8F8A15421EC481290058775A /* Base */ = {isa = PBXFileReference; lastKnownFileType = file.storyboard; name = Base; path = Base.lproj/LaunchScreen.storyboard; sourceTree = "<group>"; };
		8F8A15441EC481290058775A /* Info.plist */ = {isa = PBXFileReference; lastKnownFileType = text.plist.xml; path = Info.plist; sourceTree = "<group>"; };
/* End PBXFileReference section */

/* Begin PBXFrameworksBuildPhase section */
		8F8A15321EC481290058775A /* Frameworks */ = {
			isa = PBXFrameworksBuildPhase;
			buildActionMask = 2147483647;
			files = (
			);
			runOnlyForDeploymentPostprocessing = 0;
		};
/* End PBXFrameworksBuildPhase section */

/* Begin PBXGroup section */
		8F8A152C1EC481290058775A = {
			isa = PBXGroup;
			children = (
				8F8A15371EC481290058775A /* MetaCom */,
				8F8A15361EC481290058775A /* Products */,
			);
			sourceTree = "<group>";
		};
		8F8A15361EC481290058775A /* Products */ = {
			isa = PBXGroup;
			children = (
				8F8A15351EC481290058775A /* MetaCom.app */,
			);
			name = Products;
			sourceTree = "<group>";
		};
		8F8A15371EC481290058775A /* MetaCom */ = {
			isa = PBXGroup;
			children = (
				8F8A15381EC481290058775A /* AppDelegate.swift */,
				8F8A153A1EC481290058775A /* ViewController.swift */,
				8F8A153C1EC481290058775A /* Main.storyboard */,
				8F8A153F1EC481290058775A /* Assets.xcassets */,
				8F8A15411EC481290058775A /* LaunchScreen.storyboard */,
				8F8A15441EC481290058775A /* Info.plist */,
			);
			path = MetaCom;
			sourceTree = "<group>";
		};
/* End PBXGroup section */

/* Begin PBXNativeTarget section */
		8F8A15341EC481290058775A /* MetaCom */ = {
			isa = PBXNativeTarget;
			buildConfigurationList = 8F8A15471EC481290058775A /* Build configuration list for PBXNativeTarget "MetaCom" */;
			buildPhases = (
				8F8A15311EC481290058775A /* Sources */,
				8F8A15321EC481290058775A /* Frameworks */,
				8F8A15331EC481290058775A /* Resources */,
			);
			buildRules = (
			);
			dependencies = (
			);
			name = MetaCom;
			productName = MetaCom;
			productReference = 8F8A15351EC481290058775A /* MetaCom.app */;
			productType = "com.apple.product-type.application";
		};
/* End PBXNativeTarget section */

/* Begin PBXProject section */
		8F8A152D1EC481290058775A /* Project object */ = {
			isa = PBXProject;
			attributes = {
				LastSwiftUpdateCheck = 0830;
				LastUpgradeCheck = 0830;
				ORGANIZATIONNAME = iKing;
				TargetAttributes = {
					8F8A15341EC481290058775A = {
						CreatedOnToolsVersion = 8.3.2;
						DevelopmentTeam = KFY32PE2QK;
						ProvisioningStyle = Automatic;
					};
				};
			};
			buildConfigurationList = 8F8A15301EC481290058775A /* Build configuration list for PBXProject "MetaCom" */;
			compatibilityVersion = "Xcode 3.2";
			developmentRegion = English;
			hasScannedForEncodings = 0;
			knownRegions = (
				en,
				Base,
			);
			mainGroup = 8F8A152C1EC481290058775A;
			productRefGroup = 8F8A15361EC481290058775A /* Products */;
			projectDirPath = "";
			projectRoot = "";
			targets = (
				8F8A15341EC481290058775A /* MetaCom */,
			);
		};
/* End PBXProject section */

/* Begin PBXResourcesBuildPhase section */
		8F8A15331EC481290058775A /* Resources */ = {
			isa = PBXResourcesBuildPhase;
			buildActionMask = 2147483647;
			files = (
				8F8A15431EC481290058775A /* LaunchScreen.storyboard in Resources */,
				8F8A15401EC481290058775A /* Assets.xcassets in Resources */,
				8F8A153E1EC481290058775A /* Main.storyboard in Resources */,
			);
			runOnlyForDeploymentPostprocessing = 0;
		};
/* End PBXResourcesBuildPhase section */

/* Begin PBXSourcesBuildPhase section */
		8F8A15311EC481290058775A /* Sources */ = {
			isa = PBXSourcesBuildPhase;
			buildActionMask = 2147483647;
			files = (
				8F8A153B1EC481290058775A /* ViewController.swift in Sources */,
				8F8A15391EC481290058775A /* AppDelegate.swift in Sources */,
			);
			runOnlyForDeploymentPostprocessing = 0;
		};
/* End PBXSourcesBuildPhase section */

/* Begin PBXVariantGroup section */
		8F8A153C1EC481290058775A /* Main.storyboard */ = {
			isa = PBXVariantGroup;
			children = (
				8F8A153D1EC481290058775A /* Base */,
			);
			name = Main.storyboard;
			sourceTree = "<group>";
		};
		8F8A15411EC481290058775A /* LaunchScreen.storyboard */ = {
			isa = PBXVariantGroup;
			children = (
				8F8A15421EC481290058775A /* Base */,
			);
			name = LaunchScreen.storyboard;
			sourceTree = "<group>";
		};
/* End PBXVariantGroup section */

/* Begin XCBuildConfiguration section */
		8F8A15451EC481290058775A /* Debug */ = {
			isa = XCBuildConfiguration;
			buildSettings = {
				ALWAYS_SEARCH_USER_PATHS = NO;
				CLANG_ANALYZER_NONNULL = YES;
				CLANG_ANALYZER_NUMBER_OBJECT_CONVERSION = YES_AGGRESSIVE;
				CLANG_CXX_LANGUAGE_STANDARD = "gnu++0x";
				CLANG_CXX_LIBRARY = "libc++";
				CLANG_ENABLE_MODULES = YES;
				CLANG_ENABLE_OBJC_ARC = YES;
				CLANG_WARN_BOOL_CONVERSION = YES;
				CLANG_WARN_CONSTANT_CONVERSION = YES;
				CLANG_WARN_DIRECT_OBJC_ISA_USAGE = YES_ERROR;
				CLANG_WARN_DOCUMENTATION_COMMENTS = YES;
				CLANG_WARN_EMPTY_BODY = YES;
				CLANG_WARN_ENUM_CONVERSION = YES;
				CLANG_WARN_INFINITE_RECURSION = YES;
				CLANG_WARN_INT_CONVERSION = YES;
				CLANG_WARN_OBJC_ROOT_CLASS = YES_ERROR;
				CLANG_WARN_SUSPICIOUS_MOVE = YES;
				CLANG_WARN_UNREACHABLE_CODE = YES;
				CLANG_WARN__DUPLICATE_METHOD_MATCH = YES;
				"CODE_SIGN_IDENTITY[sdk=iphoneos*]" = "iPhone Developer";
				COPY_PHASE_STRIP = NO;
				DEBUG_INFORMATION_FORMAT = dwarf;
				ENABLE_STRICT_OBJC_MSGSEND = YES;
				ENABLE_TESTABILITY = YES;
				GCC_C_LANGUAGE_STANDARD = gnu99;
				GCC_DYNAMIC_NO_PIC = NO;
				GCC_NO_COMMON_BLOCKS = YES;
				GCC_OPTIMIZATION_LEVEL = 0;
				GCC_PREPROCESSOR_DEFINITIONS = (
					"DEBUG=1",
					"$(inherited)",
				);
				GCC_WARN_64_TO_32_BIT_CONVERSION = YES;
				GCC_WARN_ABOUT_RETURN_TYPE = YES_ERROR;
				GCC_WARN_UNDECLARED_SELECTOR = YES;
				GCC_WARN_UNINITIALIZED_AUTOS = YES_AGGRESSIVE;
				GCC_WARN_UNUSED_FUNCTION = YES;
				GCC_WARN_UNUSED_VARIABLE = YES;
				IPHONEOS_DEPLOYMENT_TARGET = 10.3;
				MTL_ENABLE_DEBUG_INFO = YES;
				ONLY_ACTIVE_ARCH = YES;
				SDKROOT = iphoneos;
				SWIFT_ACTIVE_COMPILATION_CONDITIONS = DEBUG;
				SWIFT_OPTIMIZATION_LEVEL = "-Onone";
			};
			name = Debug;
		};
		8F8A15461EC481290058775A /* Release */ = {
			isa = XCBuildConfiguration;
			buildSettings = {
				ALWAYS_SEARCH_USER_PATHS = NO;
				CLANG_ANALYZER_NONNULL = YES;
				CLANG_ANALYZER_NUMBER_OBJECT_CONVERSION = YES_AGGRESSIVE;
				CLANG_CXX_LANGUAGE_STANDARD = "gnu++0x";
				CLANG_CXX_LIBRARY = "libc++";
				CLANG_ENABLE_MODULES = YES;
				CLANG_ENABLE_OBJC_ARC = YES;
				CLANG_WARN_BOOL_CONVERSION = YES;
				CLANG_WARN_CONSTANT_CONVERSION = YES;
				CLANG_WARN_DIRECT_OBJC_ISA_USAGE = YES_ERROR;
				CLANG_WARN_DOCUMENTATION_COMMENTS = YES;
				CLANG_WARN_EMPTY_BODY = YES;
				CLANG_WARN_ENUM_CONVERSION = YES;
				CLANG_WARN_INFINITE_RECURSION = YES;
				CLANG_WARN_INT_CONVERSION = YES;
				CLANG_WARN_OBJC_ROOT_CLASS = YES_ERROR;
				CLANG_WARN_SUSPICIOUS_MOVE = YES;
				CLANG_WARN_UNREACHABLE_CODE = YES;
				CLANG_WARN__DUPLICATE_METHOD_MATCH = YES;
				"CODE_SIGN_IDENTITY[sdk=iphoneos*]" = "iPhone Developer";
				COPY_PHASE_STRIP = NO;
				DEBUG_INFORMATION_FORMAT = "dwarf-with-dsym";
				ENABLE_NS_ASSERTIONS = NO;
				ENABLE_STRICT_OBJC_MSGSEND = YES;
				GCC_C_LANGUAGE_STANDARD = gnu99;
				GCC_NO_COMMON_BLOCKS = YES;
				GCC_WARN_64_TO_32_BIT_CONVERSION = YES;
				GCC_WARN_ABOUT_RETURN_TYPE = YES_ERROR;
				GCC_WARN_UNDECLARED_SELECTOR = YES;
				GCC_WARN_UNINITIALIZED_AUTOS = YES_AGGRESSIVE;
				GCC_WARN_UNUSED_FUNCTION = YES;
				GCC_WARN_UNUSED_VARIABLE = YES;
				IPHONEOS_DEPLOYMENT_TARGET = 10.3;
				MTL_ENABLE_DEBUG_INFO = NO;
				SDKROOT = iphoneos;
				SWIFT_OPTIMIZATION_LEVEL = "-Owholemodule";
				VALIDATE_PRODUCT = YES;
			};
			name = Release;
		};
		8F8A15481EC481290058775A /* Debug */ = {
			isa = XCBuildConfiguration;
			buildSettings = {
				ASSETCATALOG_COMPILER_APPICON_NAME = AppIcon;
				DEVELOPMENT_TEAM = KFY32PE2QK;
				INFOPLIST_FILE = MetaCom/Info.plist;
				LD_RUNPATH_SEARCH_PATHS = "$(inherited) @executable_path/Frameworks";
				PRODUCT_BUNDLE_IDENTIFIER = com.iKing.MetaCom;
				PRODUCT_NAME = "$(TARGET_NAME)";
				SWIFT_VERSION = 3.0;
			};
			name = Debug;
		};
		8F8A15491EC481290058775A /* Release */ = {
			isa = XCBuildConfiguration;
			buildSettings = {
				ASSETCATALOG_COMPILER_APPICON_NAME = AppIcon;
				DEVELOPMENT_TEAM = KFY32PE2QK;
				INFOPLIST_FILE = MetaCom/Info.plist;
				LD_RUNPATH_SEARCH_PATHS = "$(inherited) @executable_path/Frameworks";
				PRODUCT_BUNDLE_IDENTIFIER = com.iKing.MetaCom;
				PRODUCT_NAME = "$(TARGET_NAME)";
				SWIFT_VERSION = 3.0;
			};
			name = Release;
		};
/* End XCBuildConfiguration section */

/* Begin XCConfigurationList section */
		8F8A15301EC481290058775A /* Build configuration list for PBXProject "MetaCom" */ = {
			isa = XCConfigurationList;
			buildConfigurations = (
				8F8A15451EC481290058775A /* Debug */,
				8F8A15461EC481290058775A /* Release */,
			);
			defaultConfigurationIsVisible = 0;
			defaultConfigurationName = Release;
		};
		8F8A15471EC481290058775A /* Build configuration list for PBXNativeTarget "MetaCom" */ = {
			isa = XCConfigurationList;
			buildConfigurations = (
				8F8A15481EC481290058775A /* Debug */,
				8F8A15491EC481290058775A /* Release */,
			);
			defaultConfigurationIsVisible = 0;
		};
/* End XCConfigurationList section */
	};
	rootObject = 8F8A152D1EC481290058775A /* Project object */;
}
