// !$*UTF8*$!
{
	archiveVersion = 1;
	classes = {
	};
	objectVersion = 46;
	objects = {

/* Begin PBXBuildFile section */
		14084C061F0FFEE8005DE87C /* Localizable.strings in Resources */ = {isa = PBXBuildFile; fileRef = 14084C051F0FFEE8005DE87C /* Localizable.strings */; };
		14084C081F1004DB005DE87C /* String+Localized.swift in Sources */ = {isa = PBXBuildFile; fileRef = 14084C071F1004DB005DE87C /* String+Localized.swift */; };
		14226CF11F2F6AFF00E5A288 /* Settings.bundle in Resources */ = {isa = PBXBuildFile; fileRef = 14226CF01F2F6AFF00E5A288 /* Settings.bundle */; };
		14226CF41F2F6CBF00E5A288 /* SystemSound.swift in Sources */ = {isa = PBXBuildFile; fileRef = 14226CF31F2F6CBF00E5A288 /* SystemSound.swift */; };
		142318E01ECCE14B00F63687 /* AppDelegate.swift in Sources */ = {isa = PBXBuildFile; fileRef = 142318DF1ECCE14B00F63687 /* AppDelegate.swift */; };
		142318E51ECCE14B00F63687 /* Main.storyboard in Resources */ = {isa = PBXBuildFile; fileRef = 142318E31ECCE14B00F63687 /* Main.storyboard */; };
		142318E71ECCE14B00F63687 /* Assets.xcassets in Resources */ = {isa = PBXBuildFile; fileRef = 142318E61ECCE14B00F63687 /* Assets.xcassets */; };
		142318EA1ECCE14B00F63687 /* LaunchScreen.storyboard in Resources */ = {isa = PBXBuildFile; fileRef = 142318E81ECCE14B00F63687 /* LaunchScreen.storyboard */; };
		142318F61ECCE99C00F63687 /* UserConnectionManager.swift in Sources */ = {isa = PBXBuildFile; fileRef = 142318F51ECCE99C00F63687 /* UserConnectionManager.swift */; };
		142318F81ECCE9AE00F63687 /* UserConnection.swift in Sources */ = {isa = PBXBuildFile; fileRef = 142318F71ECCE9AE00F63687 /* UserConnection.swift */; };
		142318FA1ECCE9BE00F63687 /* FileManager.swift in Sources */ = {isa = PBXBuildFile; fileRef = 142318F91ECCE9BE00F63687 /* FileManager.swift */; };
		142318FC1ECCE9C700F63687 /* ChatRoomManager.swift in Sources */ = {isa = PBXBuildFile; fileRef = 142318FB1ECCE9C700F63687 /* ChatRoomManager.swift */; };
		142318FF1ECCE9DA00F63687 /* ChatRoom.swift in Sources */ = {isa = PBXBuildFile; fileRef = 142318FE1ECCE9DA00F63687 /* ChatRoom.swift */; };
		142319021ECCF2F800F63687 /* Constants.swift in Sources */ = {isa = PBXBuildFile; fileRef = 142319011ECCF2F800F63687 /* Constants.swift */; };
		142319051ECDDE0900F63687 /* Message.swift in Sources */ = {isa = PBXBuildFile; fileRef = 142319041ECDDE0900F63687 /* Message.swift */; };
		142319071ECDEA2000F63687 /* ChatRoomDelegate.swift in Sources */ = {isa = PBXBuildFile; fileRef = 142319061ECDEA2000F63687 /* ChatRoomDelegate.swift */; };
		142319121ED07B4400F63687 /* NotificationName+Extensions.swift in Sources */ = {isa = PBXBuildFile; fileRef = 142319111ED07B4400F63687 /* NotificationName+Extensions.swift */; };
		143936321F5E7564000D38DE /* UINavigationController+Progress.swift in Sources */ = {isa = PBXBuildFile; fileRef = 8F8425C71F1A528300C5AC6E /* UINavigationController+Progress.swift */; };
		143936331F5E7564000D38DE /* ChatRoomDelegate.swift in Sources */ = {isa = PBXBuildFile; fileRef = 142319061ECDEA2000F63687 /* ChatRoomDelegate.swift */; };
		143936341F5E7564000D38DE /* FileManager.swift in Sources */ = {isa = PBXBuildFile; fileRef = 142318F91ECCE9BE00F63687 /* FileManager.swift */; };
		143936351F5E7564000D38DE /* ChatRoomManager.swift in Sources */ = {isa = PBXBuildFile; fileRef = 142318FB1ECCE9C700F63687 /* ChatRoomManager.swift */; };
		143936361F5E7564000D38DE /* FilePickerController.swift in Sources */ = {isa = PBXBuildFile; fileRef = 8F035ECF1EEEDE2100E597A0 /* FilePickerController.swift */; };
		143936371F5E7564000D38DE /* JSTPConnection+CacheCall.swift in Sources */ = {isa = PBXBuildFile; fileRef = 148A782E1F2A13D1007415BA /* JSTPConnection+CacheCall.swift */; };
		143936381F5E7564000D38DE /* UIViewController+EndEditing.swift in Sources */ = {isa = PBXBuildFile; fileRef = 8FEE952F1ED8B2DD007DAE78 /* UIViewController+EndEditing.swift */; };
		143936391F5E7564000D38DE /* ChatRoom.swift in Sources */ = {isa = PBXBuildFile; fileRef = 142318FE1ECCE9DA00F63687 /* ChatRoom.swift */; };
		1439363A1F5E7564000D38DE /* SystemMessagesBubbleImage.swift in Sources */ = {isa = PBXBuildFile; fileRef = 8F6B37811F1BB82B0075FCBF /* SystemMessagesBubbleImage.swift */; };
		1439363B1F5E7564000D38DE /* UIButton+VerticalLayout.swift in Sources */ = {isa = PBXBuildFile; fileRef = 8F02679C1F31E40C00AEDC8D /* UIButton+VerticalLayout.swift */; };
		1439363C1F5E7564000D38DE /* DataMediaView.swift in Sources */ = {isa = PBXBuildFile; fileRef = 8FAB32EC1ED823670004BEFF /* DataMediaView.swift */; };
		1439363D1F5E7564000D38DE /* UIControl+Extensions.swift in Sources */ = {isa = PBXBuildFile; fileRef = 147BD87A1F12BD3700562013 /* UIControl+Extensions.swift */; };
		1439363E1F5E7564000D38DE /* Message.swift in Sources */ = {isa = PBXBuildFile; fileRef = 142319041ECDDE0900F63687 /* Message.swift */; };
		1439363F1F5E7564000D38DE /* UITextField+PlaceholderColor.swift in Sources */ = {isa = PBXBuildFile; fileRef = 8F03FD601F58297200583A1D /* UITextField+PlaceholderColor.swift */; };
		143936401F5E7564000D38DE /* UserConnectionManager.swift in Sources */ = {isa = PBXBuildFile; fileRef = 142318F51ECCE99C00F63687 /* UserConnectionManager.swift */; };
		143936411F5E7564000D38DE /* JSQMessagesCollectionViewCellSystem.swift in Sources */ = {isa = PBXBuildFile; fileRef = 8F7370E61F1BA3A500DDCE8D /* JSQMessagesCollectionViewCellSystem.swift */; };
		143936421F5E7564000D38DE /* UserConnection.swift in Sources */ = {isa = PBXBuildFile; fileRef = 142318F71ECCE9AE00F63687 /* UserConnection.swift */; };
		143936431F5E7564000D38DE /* AppDelegate.swift in Sources */ = {isa = PBXBuildFile; fileRef = 142318DF1ECCE14B00F63687 /* AppDelegate.swift */; };
		143936441F5E7564000D38DE /* SystemSound.swift in Sources */ = {isa = PBXBuildFile; fileRef = 14226CF31F2F6CBF00E5A288 /* SystemSound.swift */; };
		143936451F5E7564000D38DE /* FilesViewController.swift in Sources */ = {isa = PBXBuildFile; fileRef = 8F9E9FA41ECEF8E1004F5CD1 /* FilesViewController.swift */; };
		143936461F5E7564000D38DE /* DotedActivityIndicatorView.swift in Sources */ = {isa = PBXBuildFile; fileRef = 8F70D5E01EF57E7900AAB2B5 /* DotedActivityIndicatorView.swift */; };
		143936471F5E7564000D38DE /* Events.swift in Sources */ = {isa = PBXBuildFile; fileRef = 14CBECC81ED08ECD008B6587 /* Events.swift */; };
		143936481F5E7564000D38DE /* UIColor+Extensions.swift in Sources */ = {isa = PBXBuildFile; fileRef = 8F689DDF1F56BEF6001CB56A /* UIColor+Extensions.swift */; };
		143936491F5E7564000D38DE /* UIViewController+UIAlertRepresentable.swift in Sources */ = {isa = PBXBuildFile; fileRef = 8F3F87B01EE9762A00B64B99 /* UIViewController+UIAlertRepresentable.swift */; };
		1439364A1F5E7564000D38DE /* Constants.swift in Sources */ = {isa = PBXBuildFile; fileRef = 142319011ECCF2F800F63687 /* Constants.swift */; };
		1439364B1F5E7564000D38DE /* Error.swift in Sources */ = {isa = PBXBuildFile; fileRef = 14E3BA651EE467A100739F46 /* Error.swift */; };
		1439364C1F5E7564000D38DE /* ChatViewController.swift in Sources */ = {isa = PBXBuildFile; fileRef = 8F9E9FA61ECEFBD9004F5CD1 /* ChatViewController.swift */; };
		1439364D1F5E7564000D38DE /* ConnectionViewController.swift in Sources */ = {isa = PBXBuildFile; fileRef = 8F9E9FA21ECEEC8F004F5CD1 /* ConnectionViewController.swift */; };
		1439364E1F5E7564000D38DE /* ActivityButton.swift in Sources */ = {isa = PBXBuildFile; fileRef = 8F3CAC331F29D49D00382D9A /* ActivityButton.swift */; };
		1439364F1F5E7564000D38DE /* JSQDataMediaItem.swift in Sources */ = {isa = PBXBuildFile; fileRef = 8FAB32E81ED81B250004BEFF /* JSQDataMediaItem.swift */; };
		143936501F5E7564000D38DE /* DotView.swift in Sources */ = {isa = PBXBuildFile; fileRef = 8F70D5DE1EF5709B00AAB2B5 /* DotView.swift */; };
		143936511F5E7564000D38DE /* String+Localized.swift in Sources */ = {isa = PBXBuildFile; fileRef = 14084C071F1004DB005DE87C /* String+Localized.swift */; };
		143936521F5E7564000D38DE /* NotificationName+Extensions.swift in Sources */ = {isa = PBXBuildFile; fileRef = 142319111ED07B4400F63687 /* NotificationName+Extensions.swift */; };
		143936531F5E7564000D38DE /* ConnectionTabBarController.swift in Sources */ = {isa = PBXBuildFile; fileRef = 14FCAF4D1F349737002292BE /* ConnectionTabBarController.swift */; };
		143936541F5E7564000D38DE /* Array+Remove.swift in Sources */ = {isa = PBXBuildFile; fileRef = 8F146CCE1EDD914100BC1733 /* Array+Remove.swift */; };
		143936551F5E7564000D38DE /* FilePickerDelegate.swift in Sources */ = {isa = PBXBuildFile; fileRef = 8F035ED21EEEDEB200E597A0 /* FilePickerDelegate.swift */; };
		143936561F5E7564000D38DE /* NewChatViewController.swift in Sources */ = {isa = PBXBuildFile; fileRef = 8F9E9FA81ECEFBE5004F5CD1 /* NewChatViewController.swift */; };
		1439365C1F5E7564000D38DE /* LaunchScreen.storyboard in Resources */ = {isa = PBXBuildFile; fileRef = 142318E81ECCE14B00F63687 /* LaunchScreen.storyboard */; };
		1439365D1F5E7564000D38DE /* Assets.xcassets in Resources */ = {isa = PBXBuildFile; fileRef = 142318E61ECCE14B00F63687 /* Assets.xcassets */; };
		1439365E1F5E7564000D38DE /* Localizable.strings in Resources */ = {isa = PBXBuildFile; fileRef = 14084C051F0FFEE8005DE87C /* Localizable.strings */; };
		1439365F1F5E7564000D38DE /* Main.storyboard in Resources */ = {isa = PBXBuildFile; fileRef = 142318E31ECCE14B00F63687 /* Main.storyboard */; };
		143936601F5E7564000D38DE /* DataMediaView.xib in Resources */ = {isa = PBXBuildFile; fileRef = 8FAB32EA1ED823560004BEFF /* DataMediaView.xib */; };
		143936611F5E7564000D38DE /* JSQMessagesCollectionViewCellSystem.xib in Resources */ = {isa = PBXBuildFile; fileRef = 8F7370DF1F1B9E7400DDCE8D /* JSQMessagesCollectionViewCellSystem.xib */; };
		143936621F5E7564000D38DE /* Settings.bundle in Resources */ = {isa = PBXBuildFile; fileRef = 14226CF01F2F6AFF00E5A288 /* Settings.bundle */; };
		1442564D1F5E93AB00C0D9AE /* JSTP.framework in Frameworks */ = {isa = PBXBuildFile; fileRef = 1439366F1F5E769F000D38DE /* JSTP.framework */; };
		1442564E1F5E93AB00C0D9AE /* JSTP.framework in Embed Frameworks */ = {isa = PBXBuildFile; fileRef = 1439366F1F5E769F000D38DE /* JSTP.framework */; settings = {ATTRIBUTES = (CodeSignOnCopy, RemoveHeadersOnCopy, ); }; };
		1442564F1F5E93AE00C0D9AE /* Socket.framework in Frameworks */ = {isa = PBXBuildFile; fileRef = 143936701F5E769F000D38DE /* Socket.framework */; };
		144256501F5E93AF00C0D9AE /* Socket.framework in Embed Frameworks */ = {isa = PBXBuildFile; fileRef = 143936701F5E769F000D38DE /* Socket.framework */; settings = {ATTRIBUTES = (CodeSignOnCopy, RemoveHeadersOnCopy, ); }; };
		147BD87B1F12BD3700562013 /* UIControl+Extensions.swift in Sources */ = {isa = PBXBuildFile; fileRef = 147BD87A1F12BD3700562013 /* UIControl+Extensions.swift */; };
		147F683F1F5E7B6300CB56DF /* JSTP.framework in Frameworks */ = {isa = PBXBuildFile; fileRef = 143936731F5E76AF000D38DE /* JSTP.framework */; };
		147F68401F5E7B6300CB56DF /* JSTP.framework in Embed Frameworks */ = {isa = PBXBuildFile; fileRef = 143936731F5E76AF000D38DE /* JSTP.framework */; settings = {ATTRIBUTES = (CodeSignOnCopy, RemoveHeadersOnCopy, ); }; };
		147F68411F5E7B6300CB56DF /* Socket.framework in Frameworks */ = {isa = PBXBuildFile; fileRef = 143936741F5E76AF000D38DE /* Socket.framework */; };
		147F68421F5E7B6300CB56DF /* Socket.framework in Embed Frameworks */ = {isa = PBXBuildFile; fileRef = 143936741F5E76AF000D38DE /* Socket.framework */; settings = {ATTRIBUTES = (CodeSignOnCopy, RemoveHeadersOnCopy, ); }; };
		148A782F1F2A13D1007415BA /* JSTPConnection+CacheCall.swift in Sources */ = {isa = PBXBuildFile; fileRef = 148A782E1F2A13D1007415BA /* JSTPConnection+CacheCall.swift */; };
		14CBECC91ED08ECD008B6587 /* Events.swift in Sources */ = {isa = PBXBuildFile; fileRef = 14CBECC81ED08ECD008B6587 /* Events.swift */; };
		14E3BA661EE467A100739F46 /* Error.swift in Sources */ = {isa = PBXBuildFile; fileRef = 14E3BA651EE467A100739F46 /* Error.swift */; };
		14FCAF4E1F349737002292BE /* ConnectionTabBarController.swift in Sources */ = {isa = PBXBuildFile; fileRef = 14FCAF4D1F349737002292BE /* ConnectionTabBarController.swift */; };
		8F02679D1F31E40C00AEDC8D /* UIButton+VerticalLayout.swift in Sources */ = {isa = PBXBuildFile; fileRef = 8F02679C1F31E40C00AEDC8D /* UIButton+VerticalLayout.swift */; };
		8F035ED01EEEDE2100E597A0 /* FilePickerController.swift in Sources */ = {isa = PBXBuildFile; fileRef = 8F035ECF1EEEDE2100E597A0 /* FilePickerController.swift */; };
		8F035ED31EEEDEB200E597A0 /* FilePickerDelegate.swift in Sources */ = {isa = PBXBuildFile; fileRef = 8F035ED21EEEDEB200E597A0 /* FilePickerDelegate.swift */; };
		8F03FD611F58297200583A1D /* UITextField+PlaceholderColor.swift in Sources */ = {isa = PBXBuildFile; fileRef = 8F03FD601F58297200583A1D /* UITextField+PlaceholderColor.swift */; };
		8F146CCF1EDD914100BC1733 /* Array+Remove.swift in Sources */ = {isa = PBXBuildFile; fileRef = 8F146CCE1EDD914100BC1733 /* Array+Remove.swift */; };
		8F3CAC341F29D49D00382D9A /* ActivityButton.swift in Sources */ = {isa = PBXBuildFile; fileRef = 8F3CAC331F29D49D00382D9A /* ActivityButton.swift */; };
		8F3F87B11EE9762A00B64B99 /* UIViewController+UIAlertRepresentable.swift in Sources */ = {isa = PBXBuildFile; fileRef = 8F3F87B01EE9762A00B64B99 /* UIViewController+UIAlertRepresentable.swift */; };
		8F5E69C61F8635A0008A95E3 /* Remote.swift in Sources */ = {isa = PBXBuildFile; fileRef = 8F5E69C51F8635A0008A95E3 /* Remote.swift */; };
		8F5E69C71F8635A4008A95E3 /* Remote.swift in Sources */ = {isa = PBXBuildFile; fileRef = 8F5E69C51F8635A0008A95E3 /* Remote.swift */; };
		8F5E69C91F87839D008A95E3 /* RemotesManager.swift in Sources */ = {isa = PBXBuildFile; fileRef = 8F5E69C81F87839D008A95E3 /* RemotesManager.swift */; };
		8F5E69CA1F87839D008A95E3 /* RemotesManager.swift in Sources */ = {isa = PBXBuildFile; fileRef = 8F5E69C81F87839D008A95E3 /* RemotesManager.swift */; };
		8F689DE01F56BEF6001CB56A /* UIColor+Extensions.swift in Sources */ = {isa = PBXBuildFile; fileRef = 8F689DDF1F56BEF6001CB56A /* UIColor+Extensions.swift */; };
		8F6B37821F1BB82B0075FCBF /* SystemMessagesBubbleImage.swift in Sources */ = {isa = PBXBuildFile; fileRef = 8F6B37811F1BB82B0075FCBF /* SystemMessagesBubbleImage.swift */; };
		8F6CFFC91F856DC600B07AA7 /* CompletionsView.swift in Sources */ = {isa = PBXBuildFile; fileRef = 8F6CFFC81F856DC600B07AA7 /* CompletionsView.swift */; };
		8F6CFFCA1F856DC600B07AA7 /* CompletionsView.swift in Sources */ = {isa = PBXBuildFile; fileRef = 8F6CFFC81F856DC600B07AA7 /* CompletionsView.swift */; };
		8F70D5DF1EF5709B00AAB2B5 /* DotView.swift in Sources */ = {isa = PBXBuildFile; fileRef = 8F70D5DE1EF5709B00AAB2B5 /* DotView.swift */; };
		8F70D5E11EF57E7900AAB2B5 /* DotedActivityIndicatorView.swift in Sources */ = {isa = PBXBuildFile; fileRef = 8F70D5E01EF57E7900AAB2B5 /* DotedActivityIndicatorView.swift */; };
		8F7370E01F1B9E7400DDCE8D /* JSQMessagesCollectionViewCellSystem.xib in Resources */ = {isa = PBXBuildFile; fileRef = 8F7370DF1F1B9E7400DDCE8D /* JSQMessagesCollectionViewCellSystem.xib */; };
		8F7370E71F1BA3A500DDCE8D /* JSQMessagesCollectionViewCellSystem.swift in Sources */ = {isa = PBXBuildFile; fileRef = 8F7370E61F1BA3A500DDCE8D /* JSQMessagesCollectionViewCellSystem.swift */; };
		8F8425C81F1A528300C5AC6E /* UINavigationController+Progress.swift in Sources */ = {isa = PBXBuildFile; fileRef = 8F8425C71F1A528300C5AC6E /* UINavigationController+Progress.swift */; };
		8F9E9FA31ECEEC8F004F5CD1 /* ConnectionViewController.swift in Sources */ = {isa = PBXBuildFile; fileRef = 8F9E9FA21ECEEC8F004F5CD1 /* ConnectionViewController.swift */; };
		8F9E9FA51ECEF8E1004F5CD1 /* FilesViewController.swift in Sources */ = {isa = PBXBuildFile; fileRef = 8F9E9FA41ECEF8E1004F5CD1 /* FilesViewController.swift */; };
		8F9E9FA71ECEFBD9004F5CD1 /* ChatViewController.swift in Sources */ = {isa = PBXBuildFile; fileRef = 8F9E9FA61ECEFBD9004F5CD1 /* ChatViewController.swift */; };
		8F9E9FA91ECEFBE5004F5CD1 /* NewChatViewController.swift in Sources */ = {isa = PBXBuildFile; fileRef = 8F9E9FA81ECEFBE5004F5CD1 /* NewChatViewController.swift */; };
		8FAB32E91ED81B250004BEFF /* JSQDataMediaItem.swift in Sources */ = {isa = PBXBuildFile; fileRef = 8FAB32E81ED81B250004BEFF /* JSQDataMediaItem.swift */; };
		8FAB32EB1ED823560004BEFF /* DataMediaView.xib in Resources */ = {isa = PBXBuildFile; fileRef = 8FAB32EA1ED823560004BEFF /* DataMediaView.xib */; };
		8FAB32ED1ED823670004BEFF /* DataMediaView.swift in Sources */ = {isa = PBXBuildFile; fileRef = 8FAB32EC1ED823670004BEFF /* DataMediaView.swift */; };
		8FEE95301ED8B2DD007DAE78 /* UIViewController+EndEditing.swift in Sources */ = {isa = PBXBuildFile; fileRef = 8FEE952F1ED8B2DD007DAE78 /* UIViewController+EndEditing.swift */; };
		DBF1662C6DD06DBC985C229F /* Pods_Devices_MetaCom_iOS_Simulator.framework in Frameworks */ = {isa = PBXBuildFile; fileRef = 80AC213E7F2632A195B1FAA7 /* Pods_Devices_MetaCom_iOS_Simulator.framework */; };
		DC9C0DBE9F5FD0CC8352B405 /* Pods_Devices_MetaCom_iOS_Device.framework in Frameworks */ = {isa = PBXBuildFile; fileRef = 17FD6941B2C415176FAE41AA /* Pods_Devices_MetaCom_iOS_Device.framework */; };
/* End PBXBuildFile section */

/* Begin PBXCopyFilesBuildPhase section */
		144256511F5E93B700C0D9AE /* Embed Frameworks */ = {
			isa = PBXCopyFilesBuildPhase;
			buildActionMask = 2147483647;
			dstPath = "";
			dstSubfolderSpec = 10;
			files = (
				1442564E1F5E93AB00C0D9AE /* JSTP.framework in Embed Frameworks */,
				144256501F5E93AF00C0D9AE /* Socket.framework in Embed Frameworks */,
			);
			name = "Embed Frameworks";
			runOnlyForDeploymentPostprocessing = 0;
		};
		147F68431F5E7B6400CB56DF /* Embed Frameworks */ = {
			isa = PBXCopyFilesBuildPhase;
			buildActionMask = 2147483647;
			dstPath = "";
			dstSubfolderSpec = 10;
			files = (
				147F68401F5E7B6300CB56DF /* JSTP.framework in Embed Frameworks */,
				147F68421F5E7B6300CB56DF /* Socket.framework in Embed Frameworks */,
			);
			name = "Embed Frameworks";
			runOnlyForDeploymentPostprocessing = 0;
		};
/* End PBXCopyFilesBuildPhase section */

/* Begin PBXFileReference section */
		10C4CE72ADA726E54DF08C87 /* Pods-MetaCom-iOS-Device.debug.xcconfig */ = {isa = PBXFileReference; includeInIndex = 1; lastKnownFileType = text.xcconfig; name = "Pods-MetaCom-iOS-Device.debug.xcconfig"; path = "Pods/Target Support Files/Pods-MetaCom-iOS-Device/Pods-MetaCom-iOS-Device.debug.xcconfig"; sourceTree = "<group>"; };
		14084C051F0FFEE8005DE87C /* Localizable.strings */ = {isa = PBXFileReference; fileEncoding = 4; lastKnownFileType = text.plist.strings; path = Localizable.strings; sourceTree = "<group>"; };
		14084C071F1004DB005DE87C /* String+Localized.swift */ = {isa = PBXFileReference; fileEncoding = 4; lastKnownFileType = sourcecode.swift; path = "String+Localized.swift"; sourceTree = "<group>"; };
		14226CF01F2F6AFF00E5A288 /* Settings.bundle */ = {isa = PBXFileReference; lastKnownFileType = "wrapper.plug-in"; path = Settings.bundle; sourceTree = "<group>"; };
		14226CF31F2F6CBF00E5A288 /* SystemSound.swift */ = {isa = PBXFileReference; fileEncoding = 4; lastKnownFileType = sourcecode.swift; path = SystemSound.swift; sourceTree = "<group>"; };
		142318DC1ECCE14B00F63687 /* MetaCom-iOS-Device.app */ = {isa = PBXFileReference; explicitFileType = wrapper.application; includeInIndex = 0; path = "MetaCom-iOS-Device.app"; sourceTree = BUILT_PRODUCTS_DIR; };
		142318DF1ECCE14B00F63687 /* AppDelegate.swift */ = {isa = PBXFileReference; lastKnownFileType = sourcecode.swift; path = AppDelegate.swift; sourceTree = "<group>"; };
		142318E41ECCE14B00F63687 /* Base */ = {isa = PBXFileReference; lastKnownFileType = file.storyboard; name = Base; path = Base.lproj/Main.storyboard; sourceTree = "<group>"; };
		142318E61ECCE14B00F63687 /* Assets.xcassets */ = {isa = PBXFileReference; lastKnownFileType = folder.assetcatalog; path = Assets.xcassets; sourceTree = "<group>"; };
		142318E91ECCE14B00F63687 /* Base */ = {isa = PBXFileReference; lastKnownFileType = file.storyboard; name = Base; path = Base.lproj/LaunchScreen.storyboard; sourceTree = "<group>"; };
		142318EB1ECCE14B00F63687 /* Device-Info.plist */ = {isa = PBXFileReference; lastKnownFileType = text.plist.xml; path = "Device-Info.plist"; sourceTree = "<group>"; };
		142318F51ECCE99C00F63687 /* UserConnectionManager.swift */ = {isa = PBXFileReference; fileEncoding = 4; lastKnownFileType = sourcecode.swift; path = UserConnectionManager.swift; sourceTree = "<group>"; };
		142318F71ECCE9AE00F63687 /* UserConnection.swift */ = {isa = PBXFileReference; fileEncoding = 4; lastKnownFileType = sourcecode.swift; path = UserConnection.swift; sourceTree = "<group>"; };
		142318F91ECCE9BE00F63687 /* FileManager.swift */ = {isa = PBXFileReference; fileEncoding = 4; lastKnownFileType = sourcecode.swift; path = FileManager.swift; sourceTree = "<group>"; };
		142318FB1ECCE9C700F63687 /* ChatRoomManager.swift */ = {isa = PBXFileReference; fileEncoding = 4; lastKnownFileType = sourcecode.swift; path = ChatRoomManager.swift; sourceTree = "<group>"; };
		142318FE1ECCE9DA00F63687 /* ChatRoom.swift */ = {isa = PBXFileReference; fileEncoding = 4; lastKnownFileType = sourcecode.swift; path = ChatRoom.swift; sourceTree = "<group>"; };
		142319011ECCF2F800F63687 /* Constants.swift */ = {isa = PBXFileReference; fileEncoding = 4; lastKnownFileType = sourcecode.swift; path = Constants.swift; sourceTree = "<group>"; };
		142319041ECDDE0900F63687 /* Message.swift */ = {isa = PBXFileReference; fileEncoding = 4; lastKnownFileType = sourcecode.swift; path = Message.swift; sourceTree = "<group>"; };
		142319061ECDEA2000F63687 /* ChatRoomDelegate.swift */ = {isa = PBXFileReference; fileEncoding = 4; lastKnownFileType = sourcecode.swift; path = ChatRoomDelegate.swift; sourceTree = "<group>"; };
		142319111ED07B4400F63687 /* NotificationName+Extensions.swift */ = {isa = PBXFileReference; fileEncoding = 4; lastKnownFileType = sourcecode.swift; path = "NotificationName+Extensions.swift"; sourceTree = "<group>"; };
		143602F51F29FB13005958FC /* Podfile */ = {isa = PBXFileReference; lastKnownFileType = text; path = Podfile; sourceTree = SOURCE_ROOT; xcLanguageSpecificationIdentifier = xcode.lang.ruby; };
		1439366B1F5E7564000D38DE /* MetaCom-iOS-Simulator.app */ = {isa = PBXFileReference; explicitFileType = wrapper.application; includeInIndex = 0; path = "MetaCom-iOS-Simulator.app"; sourceTree = BUILT_PRODUCTS_DIR; };
		1439366C1F5E7565000D38DE /* Simulator-Info.plist */ = {isa = PBXFileReference; lastKnownFileType = text.plist.xml; path = "Simulator-Info.plist"; sourceTree = "<group>"; };
		1439366F1F5E769F000D38DE /* JSTP.framework */ = {isa = PBXFileReference; lastKnownFileType = wrapper.framework; path = JSTP.framework; sourceTree = "<group>"; };
		143936701F5E769F000D38DE /* Socket.framework */ = {isa = PBXFileReference; lastKnownFileType = wrapper.framework; path = Socket.framework; sourceTree = "<group>"; };
		143936731F5E76AF000D38DE /* JSTP.framework */ = {isa = PBXFileReference; lastKnownFileType = wrapper.framework; path = JSTP.framework; sourceTree = "<group>"; };
		143936741F5E76AF000D38DE /* Socket.framework */ = {isa = PBXFileReference; lastKnownFileType = wrapper.framework; path = Socket.framework; sourceTree = "<group>"; };
		147BD87A1F12BD3700562013 /* UIControl+Extensions.swift */ = {isa = PBXFileReference; fileEncoding = 4; lastKnownFileType = sourcecode.swift; path = "UIControl+Extensions.swift"; sourceTree = "<group>"; };
		148A782E1F2A13D1007415BA /* JSTPConnection+CacheCall.swift */ = {isa = PBXFileReference; fileEncoding = 4; lastKnownFileType = sourcecode.swift; path = "JSTPConnection+CacheCall.swift"; sourceTree = "<group>"; };
		14CBECC81ED08ECD008B6587 /* Events.swift */ = {isa = PBXFileReference; fileEncoding = 4; lastKnownFileType = sourcecode.swift; path = Events.swift; sourceTree = "<group>"; };
		14E3BA651EE467A100739F46 /* Error.swift */ = {isa = PBXFileReference; fileEncoding = 4; lastKnownFileType = sourcecode.swift; path = Error.swift; sourceTree = "<group>"; };
		14FCAF4C1F3483DF002292BE /* en */ = {isa = PBXFileReference; lastKnownFileType = text.plist.strings; name = en; path = en.lproj/Main.strings; sourceTree = "<group>"; };
		14FCAF4D1F349737002292BE /* ConnectionTabBarController.swift */ = {isa = PBXFileReference; fileEncoding = 4; lastKnownFileType = sourcecode.swift; path = ConnectionTabBarController.swift; sourceTree = "<group>"; };
		16C2EBA693F2AF26A0666ED2 /* Pods-MetaCom-iOS-MetaCom-iOS-Simulator.release.xcconfig */ = {isa = PBXFileReference; includeInIndex = 1; lastKnownFileType = text.xcconfig; name = "Pods-MetaCom-iOS-MetaCom-iOS-Simulator.release.xcconfig"; path = "Pods/Target Support Files/Pods-MetaCom-iOS-MetaCom-iOS-Simulator/Pods-MetaCom-iOS-MetaCom-iOS-Simulator.release.xcconfig"; sourceTree = "<group>"; };
		17FD6941B2C415176FAE41AA /* Pods_Devices_MetaCom_iOS_Device.framework */ = {isa = PBXFileReference; explicitFileType = wrapper.framework; includeInIndex = 0; path = Pods_Devices_MetaCom_iOS_Device.framework; sourceTree = BUILT_PRODUCTS_DIR; };
		1A71DCC682584A36FB8DD59B /* Pods-MetaCom-iOS Device.debug.xcconfig */ = {isa = PBXFileReference; includeInIndex = 1; lastKnownFileType = text.xcconfig; name = "Pods-MetaCom-iOS Device.debug.xcconfig"; path = "Pods/Target Support Files/Pods-MetaCom-iOS Device/Pods-MetaCom-iOS Device.debug.xcconfig"; sourceTree = "<group>"; };
		1B814286C647E3437F73483E /* Pods-MetaCom-iOS.release.xcconfig */ = {isa = PBXFileReference; includeInIndex = 1; lastKnownFileType = text.xcconfig; name = "Pods-MetaCom-iOS.release.xcconfig"; path = "Pods/Target Support Files/Pods-MetaCom-iOS/Pods-MetaCom-iOS.release.xcconfig"; sourceTree = "<group>"; };
		1C3FDC80E44837F8EF8C1675 /* Pods-Devices-MetaCom-iOS-Simulator.release.xcconfig */ = {isa = PBXFileReference; includeInIndex = 1; lastKnownFileType = text.xcconfig; name = "Pods-Devices-MetaCom-iOS-Simulator.release.xcconfig"; path = "Pods/Target Support Files/Pods-Devices-MetaCom-iOS-Simulator/Pods-Devices-MetaCom-iOS-Simulator.release.xcconfig"; sourceTree = "<group>"; };
		230EEB07E8B720AC9E3CAD01 /* Pods-MetaCom-iOS Device.release.xcconfig */ = {isa = PBXFileReference; includeInIndex = 1; lastKnownFileType = text.xcconfig; name = "Pods-MetaCom-iOS Device.release.xcconfig"; path = "Pods/Target Support Files/Pods-MetaCom-iOS Device/Pods-MetaCom-iOS Device.release.xcconfig"; sourceTree = "<group>"; };
		2451D1FAFDD4B14897641018 /* Pods-MetaCom-iOS.debug.xcconfig */ = {isa = PBXFileReference; includeInIndex = 1; lastKnownFileType = text.xcconfig; name = "Pods-MetaCom-iOS.debug.xcconfig"; path = "Pods/Target Support Files/Pods-MetaCom-iOS/Pods-MetaCom-iOS.debug.xcconfig"; sourceTree = "<group>"; };
		295D73C49AE96D7CBABC5721 /* Pods-Devices-MetaCom-iOS-Device.release.xcconfig */ = {isa = PBXFileReference; includeInIndex = 1; lastKnownFileType = text.xcconfig; name = "Pods-Devices-MetaCom-iOS-Device.release.xcconfig"; path = "Pods/Target Support Files/Pods-Devices-MetaCom-iOS-Device/Pods-Devices-MetaCom-iOS-Device.release.xcconfig"; sourceTree = "<group>"; };
		3A6EEC699CE72A2409984532 /* Pods-MetaCom-iOS-MetaCom-iOS-Device.release.xcconfig */ = {isa = PBXFileReference; includeInIndex = 1; lastKnownFileType = text.xcconfig; name = "Pods-MetaCom-iOS-MetaCom-iOS-Device.release.xcconfig"; path = "Pods/Target Support Files/Pods-MetaCom-iOS-MetaCom-iOS-Device/Pods-MetaCom-iOS-MetaCom-iOS-Device.release.xcconfig"; sourceTree = "<group>"; };
		3B862E6D36ADAABBF21D56E1 /* Pods-MetaCom-iOS-Device.release.xcconfig */ = {isa = PBXFileReference; includeInIndex = 1; lastKnownFileType = text.xcconfig; name = "Pods-MetaCom-iOS-Device.release.xcconfig"; path = "Pods/Target Support Files/Pods-MetaCom-iOS-Device/Pods-MetaCom-iOS-Device.release.xcconfig"; sourceTree = "<group>"; };
		470E3F28D6DC70F04E74C742 /* Pods-Devices-MetaCom-iOS-Device.debug.xcconfig */ = {isa = PBXFileReference; includeInIndex = 1; lastKnownFileType = text.xcconfig; name = "Pods-Devices-MetaCom-iOS-Device.debug.xcconfig"; path = "Pods/Target Support Files/Pods-Devices-MetaCom-iOS-Device/Pods-Devices-MetaCom-iOS-Device.debug.xcconfig"; sourceTree = "<group>"; };
		80AC213E7F2632A195B1FAA7 /* Pods_Devices_MetaCom_iOS_Simulator.framework */ = {isa = PBXFileReference; explicitFileType = wrapper.framework; includeInIndex = 0; path = Pods_Devices_MetaCom_iOS_Simulator.framework; sourceTree = BUILT_PRODUCTS_DIR; };
		8F02679C1F31E40C00AEDC8D /* UIButton+VerticalLayout.swift */ = {isa = PBXFileReference; fileEncoding = 4; lastKnownFileType = sourcecode.swift; path = "UIButton+VerticalLayout.swift"; sourceTree = "<group>"; };
		8F035ECF1EEEDE2100E597A0 /* FilePickerController.swift */ = {isa = PBXFileReference; fileEncoding = 4; lastKnownFileType = sourcecode.swift; path = FilePickerController.swift; sourceTree = "<group>"; };
		8F035ED21EEEDEB200E597A0 /* FilePickerDelegate.swift */ = {isa = PBXFileReference; fileEncoding = 4; lastKnownFileType = sourcecode.swift; path = FilePickerDelegate.swift; sourceTree = "<group>"; };
		8F03FD601F58297200583A1D /* UITextField+PlaceholderColor.swift */ = {isa = PBXFileReference; fileEncoding = 4; lastKnownFileType = sourcecode.swift; path = "UITextField+PlaceholderColor.swift"; sourceTree = "<group>"; };
		8F146CCE1EDD914100BC1733 /* Array+Remove.swift */ = {isa = PBXFileReference; fileEncoding = 4; lastKnownFileType = sourcecode.swift; path = "Array+Remove.swift"; sourceTree = "<group>"; };
		8F3CAC331F29D49D00382D9A /* ActivityButton.swift */ = {isa = PBXFileReference; fileEncoding = 4; lastKnownFileType = sourcecode.swift; path = ActivityButton.swift; sourceTree = "<group>"; };
		8F3F87B01EE9762A00B64B99 /* UIViewController+UIAlertRepresentable.swift */ = {isa = PBXFileReference; fileEncoding = 4; lastKnownFileType = sourcecode.swift; path = "UIViewController+UIAlertRepresentable.swift"; sourceTree = "<group>"; };
		8F5E69C51F8635A0008A95E3 /* Remote.swift */ = {isa = PBXFileReference; lastKnownFileType = sourcecode.swift; path = Remote.swift; sourceTree = "<group>"; };
		8F5E69C81F87839D008A95E3 /* RemotesManager.swift */ = {isa = PBXFileReference; lastKnownFileType = sourcecode.swift; path = RemotesManager.swift; sourceTree = "<group>"; };
		8F5E69D01F878DCD008A95E3 /* MetaCom-iOS.entitlements */ = {isa = PBXFileReference; lastKnownFileType = text.plist.entitlements; path = "MetaCom-iOS.entitlements"; sourceTree = "<group>"; };
		8F689DDF1F56BEF6001CB56A /* UIColor+Extensions.swift */ = {isa = PBXFileReference; fileEncoding = 4; lastKnownFileType = sourcecode.swift; path = "UIColor+Extensions.swift"; sourceTree = "<group>"; };
		8F6B37811F1BB82B0075FCBF /* SystemMessagesBubbleImage.swift */ = {isa = PBXFileReference; fileEncoding = 4; lastKnownFileType = sourcecode.swift; path = SystemMessagesBubbleImage.swift; sourceTree = "<group>"; };
		8F6CFFC81F856DC600B07AA7 /* CompletionsView.swift */ = {isa = PBXFileReference; lastKnownFileType = sourcecode.swift; path = CompletionsView.swift; sourceTree = "<group>"; };
		8F70D5DE1EF5709B00AAB2B5 /* DotView.swift */ = {isa = PBXFileReference; fileEncoding = 4; lastKnownFileType = sourcecode.swift; path = DotView.swift; sourceTree = "<group>"; };
		8F70D5E01EF57E7900AAB2B5 /* DotedActivityIndicatorView.swift */ = {isa = PBXFileReference; fileEncoding = 4; lastKnownFileType = sourcecode.swift; path = DotedActivityIndicatorView.swift; sourceTree = "<group>"; };
		8F7370DF1F1B9E7400DDCE8D /* JSQMessagesCollectionViewCellSystem.xib */ = {isa = PBXFileReference; fileEncoding = 4; lastKnownFileType = file.xib; path = JSQMessagesCollectionViewCellSystem.xib; sourceTree = "<group>"; };
		8F7370E61F1BA3A500DDCE8D /* JSQMessagesCollectionViewCellSystem.swift */ = {isa = PBXFileReference; fileEncoding = 4; lastKnownFileType = sourcecode.swift; path = JSQMessagesCollectionViewCellSystem.swift; sourceTree = "<group>"; };
		8F8425C71F1A528300C5AC6E /* UINavigationController+Progress.swift */ = {isa = PBXFileReference; fileEncoding = 4; lastKnownFileType = sourcecode.swift; path = "UINavigationController+Progress.swift"; sourceTree = "<group>"; };
		8F9E9FA21ECEEC8F004F5CD1 /* ConnectionViewController.swift */ = {isa = PBXFileReference; fileEncoding = 4; lastKnownFileType = sourcecode.swift; path = ConnectionViewController.swift; sourceTree = "<group>"; };
		8F9E9FA41ECEF8E1004F5CD1 /* FilesViewController.swift */ = {isa = PBXFileReference; fileEncoding = 4; lastKnownFileType = sourcecode.swift; path = FilesViewController.swift; sourceTree = "<group>"; };
		8F9E9FA61ECEFBD9004F5CD1 /* ChatViewController.swift */ = {isa = PBXFileReference; fileEncoding = 4; lastKnownFileType = sourcecode.swift; path = ChatViewController.swift; sourceTree = "<group>"; };
		8F9E9FA81ECEFBE5004F5CD1 /* NewChatViewController.swift */ = {isa = PBXFileReference; fileEncoding = 4; lastKnownFileType = sourcecode.swift; path = NewChatViewController.swift; sourceTree = "<group>"; };
		8FAB32E81ED81B250004BEFF /* JSQDataMediaItem.swift */ = {isa = PBXFileReference; fileEncoding = 4; lastKnownFileType = sourcecode.swift; path = JSQDataMediaItem.swift; sourceTree = "<group>"; };
		8FAB32EA1ED823560004BEFF /* DataMediaView.xib */ = {isa = PBXFileReference; fileEncoding = 4; lastKnownFileType = file.xib; path = DataMediaView.xib; sourceTree = "<group>"; };
		8FAB32EC1ED823670004BEFF /* DataMediaView.swift */ = {isa = PBXFileReference; fileEncoding = 4; lastKnownFileType = sourcecode.swift; path = DataMediaView.swift; sourceTree = "<group>"; };
		8FEE952F1ED8B2DD007DAE78 /* UIViewController+EndEditing.swift */ = {isa = PBXFileReference; fileEncoding = 4; lastKnownFileType = sourcecode.swift; path = "UIViewController+EndEditing.swift"; sourceTree = "<group>"; };
		920EEE9CC21315F87B5539EE /* Pods-MetaCom-iOS-MetaCom-iOS-Device.debug.xcconfig */ = {isa = PBXFileReference; includeInIndex = 1; lastKnownFileType = text.xcconfig; name = "Pods-MetaCom-iOS-MetaCom-iOS-Device.debug.xcconfig"; path = "Pods/Target Support Files/Pods-MetaCom-iOS-MetaCom-iOS-Device/Pods-MetaCom-iOS-MetaCom-iOS-Device.debug.xcconfig"; sourceTree = "<group>"; };
		9FA57E3A711FA246E132FD05 /* Pods-MetaCom-iOS-Simulator.release.xcconfig */ = {isa = PBXFileReference; includeInIndex = 1; lastKnownFileType = text.xcconfig; name = "Pods-MetaCom-iOS-Simulator.release.xcconfig"; path = "Pods/Target Support Files/Pods-MetaCom-iOS-Simulator/Pods-MetaCom-iOS-Simulator.release.xcconfig"; sourceTree = "<group>"; };
		C1F5B1D464933BF00C391721 /* Pods-MetaCom-iOS-MetaCom-iOS-Simulator.debug.xcconfig */ = {isa = PBXFileReference; includeInIndex = 1; lastKnownFileType = text.xcconfig; name = "Pods-MetaCom-iOS-MetaCom-iOS-Simulator.debug.xcconfig"; path = "Pods/Target Support Files/Pods-MetaCom-iOS-MetaCom-iOS-Simulator/Pods-MetaCom-iOS-MetaCom-iOS-Simulator.debug.xcconfig"; sourceTree = "<group>"; };
		D9ED10368C17EE09AE1FB9F7 /* Pods-MetaCom-iOS-Simulator.debug.xcconfig */ = {isa = PBXFileReference; includeInIndex = 1; lastKnownFileType = text.xcconfig; name = "Pods-MetaCom-iOS-Simulator.debug.xcconfig"; path = "Pods/Target Support Files/Pods-MetaCom-iOS-Simulator/Pods-MetaCom-iOS-Simulator.debug.xcconfig"; sourceTree = "<group>"; };
		EF09B93193AC545B7945FF56 /* Pods-Devices-MetaCom-iOS-Simulator.debug.xcconfig */ = {isa = PBXFileReference; includeInIndex = 1; lastKnownFileType = text.xcconfig; name = "Pods-Devices-MetaCom-iOS-Simulator.debug.xcconfig"; path = "Pods/Target Support Files/Pods-Devices-MetaCom-iOS-Simulator/Pods-Devices-MetaCom-iOS-Simulator.debug.xcconfig"; sourceTree = "<group>"; };
/* End PBXFileReference section */

/* Begin PBXFrameworksBuildPhase section */
		142318D91ECCE14B00F63687 /* Frameworks */ = {
			isa = PBXFrameworksBuildPhase;
			buildActionMask = 2147483647;
			files = (
				1442564F1F5E93AE00C0D9AE /* Socket.framework in Frameworks */,
				1442564D1F5E93AB00C0D9AE /* JSTP.framework in Frameworks */,
				DC9C0DBE9F5FD0CC8352B405 /* Pods_Devices_MetaCom_iOS_Device.framework in Frameworks */,
			);
			runOnlyForDeploymentPostprocessing = 0;
		};
		143936571F5E7564000D38DE /* Frameworks */ = {
			isa = PBXFrameworksBuildPhase;
			buildActionMask = 2147483647;
			files = (
				147F68411F5E7B6300CB56DF /* Socket.framework in Frameworks */,
				147F683F1F5E7B6300CB56DF /* JSTP.framework in Frameworks */,
				DBF1662C6DD06DBC985C229F /* Pods_Devices_MetaCom_iOS_Simulator.framework in Frameworks */,
			);
			runOnlyForDeploymentPostprocessing = 0;
		};
/* End PBXFrameworksBuildPhase section */

/* Begin PBXGroup section */
		140E073C1ED18FC400D8FB7D /* Vendor */ = {
			isa = PBXGroup;
			children = (
				1439366E1F5E7675000D38DE /* Device */,
				1439366D1F5E766F000D38DE /* Simulator */,
			);
			path = Vendor;
			sourceTree = "<group>";
		};
		14226CF21F2F6C8800E5A288 /* Common */ = {
			isa = PBXGroup;
			children = (
				14226CF31F2F6CBF00E5A288 /* SystemSound.swift */,
			);
			path = Common;
			sourceTree = "<group>";
		};
		142318D31ECCE14B00F63687 = {
			isa = PBXGroup;
			children = (
				140E073C1ED18FC400D8FB7D /* Vendor */,
				142318DE1ECCE14B00F63687 /* MetaCom-iOS */,
				142318DD1ECCE14B00F63687 /* Products */,
				7C8A742E3C5C6ACA44545107 /* Pods */,
				6E4B011D50B2539AD81C3505 /* Frameworks */,
			);
			sourceTree = "<group>";
		};
		142318DD1ECCE14B00F63687 /* Products */ = {
			isa = PBXGroup;
			children = (
				142318DC1ECCE14B00F63687 /* MetaCom-iOS-Device.app */,
				1439366B1F5E7564000D38DE /* MetaCom-iOS-Simulator.app */,
			);
			name = Products;
			sourceTree = "<group>";
		};
		142318DE1ECCE14B00F63687 /* MetaCom-iOS */ = {
			isa = PBXGroup;
			children = (
				142318DF1ECCE14B00F63687 /* AppDelegate.swift */,
				142319011ECCF2F800F63687 /* Constants.swift */,
				142318F41ECCE47100F63687 /* Core */,
				142319001ECCF2B300F63687 /* Extensions */,
				142318F31ECCE1CE00F63687 /* Supporting */,
				142318F11ECCE1A600F63687 /* Storyboards */,
				142318F21ECCE1B300F63687 /* ViewControllers */,
				8FAB32E71ED8199C0004BEFF /* Views */,
			);
			path = "MetaCom-iOS";
			sourceTree = "<group>";
		};
		142318F11ECCE1A600F63687 /* Storyboards */ = {
			isa = PBXGroup;
			children = (
				142318E31ECCE14B00F63687 /* Main.storyboard */,
				142318E81ECCE14B00F63687 /* LaunchScreen.storyboard */,
			);
			path = Storyboards;
			sourceTree = "<group>";
		};
		142318F21ECCE1B300F63687 /* ViewControllers */ = {
			isa = PBXGroup;
			children = (
				8F9E9FA21ECEEC8F004F5CD1 /* ConnectionViewController.swift */,
				14FCAF4D1F349737002292BE /* ConnectionTabBarController.swift */,
				8F9E9FA41ECEF8E1004F5CD1 /* FilesViewController.swift */,
				8F9E9FA81ECEFBE5004F5CD1 /* NewChatViewController.swift */,
				8F9E9FA61ECEFBD9004F5CD1 /* ChatViewController.swift */,
				8F035ED11EEEDE5A00E597A0 /* FilePicker */,
			);
			path = ViewControllers;
			sourceTree = "<group>";
		};
		142318F31ECCE1CE00F63687 /* Supporting */ = {
			isa = PBXGroup;
			children = (
				8F5E69D01F878DCD008A95E3 /* MetaCom-iOS.entitlements */,
				142318EB1ECCE14B00F63687 /* Device-Info.plist */,
				1439366C1F5E7565000D38DE /* Simulator-Info.plist */,
				143602F51F29FB13005958FC /* Podfile */,
				142318E61ECCE14B00F63687 /* Assets.xcassets */,
				14084C051F0FFEE8005DE87C /* Localizable.strings */,
				14226CF01F2F6AFF00E5A288 /* Settings.bundle */,
			);
			path = Supporting;
			sourceTree = "<group>";
		};
		142318F41ECCE47100F63687 /* Core */ = {
			isa = PBXGroup;
			children = (
				14226CF21F2F6C8800E5A288 /* Common */,
				142319031ECDD8FF00F63687 /* Models */,
			);
			path = Core;
			sourceTree = "<group>";
		};
		142319001ECCF2B300F63687 /* Extensions */ = {
			isa = PBXGroup;
			children = (
				142319111ED07B4400F63687 /* NotificationName+Extensions.swift */,
				8FEE952F1ED8B2DD007DAE78 /* UIViewController+EndEditing.swift */,
				8F146CCE1EDD914100BC1733 /* Array+Remove.swift */,
				8F8425C71F1A528300C5AC6E /* UINavigationController+Progress.swift */,
				8F3F87B01EE9762A00B64B99 /* UIViewController+UIAlertRepresentable.swift */,
				14084C071F1004DB005DE87C /* String+Localized.swift */,
				147BD87A1F12BD3700562013 /* UIControl+Extensions.swift */,
				148A782E1F2A13D1007415BA /* JSTPConnection+CacheCall.swift */,
				8F02679C1F31E40C00AEDC8D /* UIButton+VerticalLayout.swift */,
				8F689DDF1F56BEF6001CB56A /* UIColor+Extensions.swift */,
				8F03FD601F58297200583A1D /* UITextField+PlaceholderColor.swift */,
			);
			path = Extensions;
			sourceTree = "<group>";
		};
		142319031ECDD8FF00F63687 /* Models */ = {
			isa = PBXGroup;
			children = (
				14CBECC81ED08ECD008B6587 /* Events.swift */,
				142318FE1ECCE9DA00F63687 /* ChatRoom.swift */,
				142318FB1ECCE9C700F63687 /* ChatRoomManager.swift */,
				142318F91ECCE9BE00F63687 /* FileManager.swift */,
				142319041ECDDE0900F63687 /* Message.swift */,
				142318F71ECCE9AE00F63687 /* UserConnection.swift */,
				142318F51ECCE99C00F63687 /* UserConnectionManager.swift */,
				142319061ECDEA2000F63687 /* ChatRoomDelegate.swift */,
				14E3BA651EE467A100739F46 /* Error.swift */,
				8F5E69C51F8635A0008A95E3 /* Remote.swift */,
				8F5E69C81F87839D008A95E3 /* RemotesManager.swift */,
			);
			path = Models;
			sourceTree = "<group>";
		};
		1439366D1F5E766F000D38DE /* Simulator */ = {
			isa = PBXGroup;
			children = (
				143936731F5E76AF000D38DE /* JSTP.framework */,
				143936741F5E76AF000D38DE /* Socket.framework */,
			);
			path = Simulator;
			sourceTree = "<group>";
		};
		1439366E1F5E7675000D38DE /* Device */ = {
			isa = PBXGroup;
			children = (
				1439366F1F5E769F000D38DE /* JSTP.framework */,
				143936701F5E769F000D38DE /* Socket.framework */,
			);
			path = Device;
			sourceTree = "<group>";
		};
		6E4B011D50B2539AD81C3505 /* Frameworks */ = {
			isa = PBXGroup;
			children = (
				17FD6941B2C415176FAE41AA /* Pods_Devices_MetaCom_iOS_Device.framework */,
				80AC213E7F2632A195B1FAA7 /* Pods_Devices_MetaCom_iOS_Simulator.framework */,
			);
			name = Frameworks;
			sourceTree = "<group>";
		};
		7C8A742E3C5C6ACA44545107 /* Pods */ = {
			isa = PBXGroup;
			children = (
				2451D1FAFDD4B14897641018 /* Pods-MetaCom-iOS.debug.xcconfig */,
				1B814286C647E3437F73483E /* Pods-MetaCom-iOS.release.xcconfig */,
				1A71DCC682584A36FB8DD59B /* Pods-MetaCom-iOS Device.debug.xcconfig */,
				230EEB07E8B720AC9E3CAD01 /* Pods-MetaCom-iOS Device.release.xcconfig */,
				10C4CE72ADA726E54DF08C87 /* Pods-MetaCom-iOS-Device.debug.xcconfig */,
				3B862E6D36ADAABBF21D56E1 /* Pods-MetaCom-iOS-Device.release.xcconfig */,
				D9ED10368C17EE09AE1FB9F7 /* Pods-MetaCom-iOS-Simulator.debug.xcconfig */,
				9FA57E3A711FA246E132FD05 /* Pods-MetaCom-iOS-Simulator.release.xcconfig */,
				920EEE9CC21315F87B5539EE /* Pods-MetaCom-iOS-MetaCom-iOS-Device.debug.xcconfig */,
				3A6EEC699CE72A2409984532 /* Pods-MetaCom-iOS-MetaCom-iOS-Device.release.xcconfig */,
				C1F5B1D464933BF00C391721 /* Pods-MetaCom-iOS-MetaCom-iOS-Simulator.debug.xcconfig */,
				16C2EBA693F2AF26A0666ED2 /* Pods-MetaCom-iOS-MetaCom-iOS-Simulator.release.xcconfig */,
				470E3F28D6DC70F04E74C742 /* Pods-Devices-MetaCom-iOS-Device.debug.xcconfig */,
				295D73C49AE96D7CBABC5721 /* Pods-Devices-MetaCom-iOS-Device.release.xcconfig */,
				EF09B93193AC545B7945FF56 /* Pods-Devices-MetaCom-iOS-Simulator.debug.xcconfig */,
				1C3FDC80E44837F8EF8C1675 /* Pods-Devices-MetaCom-iOS-Simulator.release.xcconfig */,
			);
			name = Pods;
			sourceTree = "<group>";
		};
		8F035ED11EEEDE5A00E597A0 /* FilePicker */ = {
			isa = PBXGroup;
			children = (
				8F035ECF1EEEDE2100E597A0 /* FilePickerController.swift */,
				8F035ED21EEEDEB200E597A0 /* FilePickerDelegate.swift */,
			);
			path = FilePicker;
			sourceTree = "<group>";
		};
		8F0BFBAD1EF684F000074837 /* DotedActivityIndicator */ = {
			isa = PBXGroup;
			children = (
				8F70D5DE1EF5709B00AAB2B5 /* DotView.swift */,
				8F70D5E01EF57E7900AAB2B5 /* DotedActivityIndicatorView.swift */,
			);
			name = DotedActivityIndicator;
			sourceTree = "<group>";
		};
		8F0BFBAE1EF6852E00074837 /* DataMediaItem */ = {
			isa = PBXGroup;
			children = (
				8FAB32E81ED81B250004BEFF /* JSQDataMediaItem.swift */,
				8FAB32EC1ED823670004BEFF /* DataMediaView.swift */,
				8FAB32EA1ED823560004BEFF /* DataMediaView.xib */,
			);
			name = DataMediaItem;
			sourceTree = "<group>";
		};
		8F2EF3CF1F1B8E55002E7C8B /* SystemCell */ = {
			isa = PBXGroup;
			children = (
				8F7370E61F1BA3A500DDCE8D /* JSQMessagesCollectionViewCellSystem.swift */,
				8F7370DF1F1B9E7400DDCE8D /* JSQMessagesCollectionViewCellSystem.xib */,
				8F6B37811F1BB82B0075FCBF /* SystemMessagesBubbleImage.swift */,
			);
			name = SystemCell;
			sourceTree = "<group>";
		};
		8FAB32E71ED8199C0004BEFF /* Views */ = {
			isa = PBXGroup;
			children = (
				8F2EF3CF1F1B8E55002E7C8B /* SystemCell */,
				8F0BFBAE1EF6852E00074837 /* DataMediaItem */,
				8F0BFBAD1EF684F000074837 /* DotedActivityIndicator */,
				8F3CAC331F29D49D00382D9A /* ActivityButton.swift */,
				8F6CFFC81F856DC600B07AA7 /* CompletionsView.swift */,
			);
			path = Views;
			sourceTree = "<group>";
		};
/* End PBXGroup section */

/* Begin PBXNativeTarget section */
		142318DB1ECCE14B00F63687 /* MetaCom-iOS-Device */ = {
			isa = PBXNativeTarget;
			buildConfigurationList = 142318EE1ECCE14B00F63687 /* Build configuration list for PBXNativeTarget "MetaCom-iOS-Device" */;
			buildPhases = (
				F450E6A2416A6BE6C86ED89A /* [CP] Check Pods Manifest.lock */,
				142318D81ECCE14B00F63687 /* Sources */,
				142318D91ECCE14B00F63687 /* Frameworks */,
				142318DA1ECCE14B00F63687 /* Resources */,
				434B471473F28DE4A6548C2B /* [CP] Embed Pods Frameworks */,
				3826789E18CEB52A63DB41FB /* [CP] Copy Pods Resources */,
				144256511F5E93B700C0D9AE /* Embed Frameworks */,
			);
			buildRules = (
			);
			dependencies = (
			);
			name = "MetaCom-iOS-Device";
			productName = "MetaCom-iOS";
			productReference = 142318DC1ECCE14B00F63687 /* MetaCom-iOS-Device.app */;
			productType = "com.apple.product-type.application";
		};
		1439362F1F5E7564000D38DE /* MetaCom-iOS-Simulator */ = {
			isa = PBXNativeTarget;
			buildConfigurationList = 143936681F5E7564000D38DE /* Build configuration list for PBXNativeTarget "MetaCom-iOS-Simulator" */;
			buildPhases = (
				F0E5E27406B0EA9C7F7647D8 /* [CP] Check Pods Manifest.lock */,
				143936311F5E7564000D38DE /* Sources */,
				143936571F5E7564000D38DE /* Frameworks */,
				1439365B1F5E7564000D38DE /* Resources */,
				147F68431F5E7B6400CB56DF /* Embed Frameworks */,
				E63ED45A7A1D454C7176BA38 /* [CP] Embed Pods Frameworks */,
				54B3400E45AAB35283BF3E33 /* [CP] Copy Pods Resources */,
			);
			buildRules = (
			);
			dependencies = (
			);
			name = "MetaCom-iOS-Simulator";
			productName = "MetaCom-iOS";
			productReference = 1439366B1F5E7564000D38DE /* MetaCom-iOS-Simulator.app */;
			productType = "com.apple.product-type.application";
		};
/* End PBXNativeTarget section */

/* Begin PBXProject section */
		142318D41ECCE14B00F63687 /* Project object */ = {
			isa = PBXProject;
			attributes = {
				LastSwiftUpdateCheck = 0830;
				LastUpgradeCheck = 0900;
				ORGANIZATIONNAME = Metarhia;
				TargetAttributes = {
					142318DB1ECCE14B00F63687 = {
						CreatedOnToolsVersion = 8.3.2;
						DevelopmentTeam = Q5WSPT927E;
						ProvisioningStyle = Automatic;
						SystemCapabilities = {
							com.apple.iCloud = {
								enabled = 1;
							};
						};
					};
					1439362F1F5E7564000D38DE = {
						DevelopmentTeam = Q5WSPT927E;
						SystemCapabilities = {
							com.apple.iCloud = {
								enabled = 1;
							};
						};
					};
				};
			};
			buildConfigurationList = 142318D71ECCE14B00F63687 /* Build configuration list for PBXProject "MetaCom-iOS" */;
			compatibilityVersion = "Xcode 3.2";
			developmentRegion = English;
			hasScannedForEncodings = 0;
			knownRegions = (
				en,
				Base,
			);
			mainGroup = 142318D31ECCE14B00F63687;
			productRefGroup = 142318DD1ECCE14B00F63687 /* Products */;
			projectDirPath = "";
			projectRoot = "";
			targets = (
				142318DB1ECCE14B00F63687 /* MetaCom-iOS-Device */,
				1439362F1F5E7564000D38DE /* MetaCom-iOS-Simulator */,
			);
		};
/* End PBXProject section */

/* Begin PBXResourcesBuildPhase section */
		142318DA1ECCE14B00F63687 /* Resources */ = {
			isa = PBXResourcesBuildPhase;
			buildActionMask = 2147483647;
			files = (
				142318EA1ECCE14B00F63687 /* LaunchScreen.storyboard in Resources */,
				142318E71ECCE14B00F63687 /* Assets.xcassets in Resources */,
				14084C061F0FFEE8005DE87C /* Localizable.strings in Resources */,
				142318E51ECCE14B00F63687 /* Main.storyboard in Resources */,
				8FAB32EB1ED823560004BEFF /* DataMediaView.xib in Resources */,
				8F7370E01F1B9E7400DDCE8D /* JSQMessagesCollectionViewCellSystem.xib in Resources */,
				14226CF11F2F6AFF00E5A288 /* Settings.bundle in Resources */,
			);
			runOnlyForDeploymentPostprocessing = 0;
		};
		1439365B1F5E7564000D38DE /* Resources */ = {
			isa = PBXResourcesBuildPhase;
			buildActionMask = 2147483647;
			files = (
				1439365C1F5E7564000D38DE /* LaunchScreen.storyboard in Resources */,
				1439365D1F5E7564000D38DE /* Assets.xcassets in Resources */,
				1439365E1F5E7564000D38DE /* Localizable.strings in Resources */,
				1439365F1F5E7564000D38DE /* Main.storyboard in Resources */,
				143936601F5E7564000D38DE /* DataMediaView.xib in Resources */,
				143936611F5E7564000D38DE /* JSQMessagesCollectionViewCellSystem.xib in Resources */,
				143936621F5E7564000D38DE /* Settings.bundle in Resources */,
			);
			runOnlyForDeploymentPostprocessing = 0;
		};
/* End PBXResourcesBuildPhase section */

/* Begin PBXShellScriptBuildPhase section */
		3826789E18CEB52A63DB41FB /* [CP] Copy Pods Resources */ = {
			isa = PBXShellScriptBuildPhase;
			buildActionMask = 2147483647;
			files = (
			);
			inputPaths = (
			);
			name = "[CP] Copy Pods Resources";
			outputPaths = (
			);
			runOnlyForDeploymentPostprocessing = 0;
			shellPath = /bin/sh;
			shellScript = "\"${SRCROOT}/Pods/Target Support Files/Pods-Devices-MetaCom-iOS-Device/Pods-Devices-MetaCom-iOS-Device-resources.sh\"\n";
			showEnvVarsInLog = 0;
		};
		434B471473F28DE4A6548C2B /* [CP] Embed Pods Frameworks */ = {
			isa = PBXShellScriptBuildPhase;
			buildActionMask = 2147483647;
			files = (
			);
			inputPaths = (
				"${SRCROOT}/Pods/Target Support Files/Pods-Devices-MetaCom-iOS-Device/Pods-Devices-MetaCom-iOS-Device-frameworks.sh",
				"${BUILT_PRODUCTS_DIR}/JSQMessagesViewController/JSQMessagesViewController.framework",
				"${BUILT_PRODUCTS_DIR}/JSQSystemSoundPlayer/JSQSystemSoundPlayer.framework",
				"${BUILT_PRODUCTS_DIR}/ReachabilitySwift/ReachabilitySwift.framework",
			);
			name = "[CP] Embed Pods Frameworks";
			outputPaths = (
				"${TARGET_BUILD_DIR}/${FRAMEWORKS_FOLDER_PATH}/JSQMessagesViewController.framework",
				"${TARGET_BUILD_DIR}/${FRAMEWORKS_FOLDER_PATH}/JSQSystemSoundPlayer.framework",
				"${TARGET_BUILD_DIR}/${FRAMEWORKS_FOLDER_PATH}/ReachabilitySwift.framework",
			);
			runOnlyForDeploymentPostprocessing = 0;
			shellPath = /bin/sh;
			shellScript = "\"${SRCROOT}/Pods/Target Support Files/Pods-Devices-MetaCom-iOS-Device/Pods-Devices-MetaCom-iOS-Device-frameworks.sh\"\n";
			showEnvVarsInLog = 0;
		};
		54B3400E45AAB35283BF3E33 /* [CP] Copy Pods Resources */ = {
			isa = PBXShellScriptBuildPhase;
			buildActionMask = 2147483647;
			files = (
			);
			inputPaths = (
			);
			name = "[CP] Copy Pods Resources";
			outputPaths = (
			);
			runOnlyForDeploymentPostprocessing = 0;
			shellPath = /bin/sh;
			shellScript = "\"${SRCROOT}/Pods/Target Support Files/Pods-Devices-MetaCom-iOS-Simulator/Pods-Devices-MetaCom-iOS-Simulator-resources.sh\"\n";
			showEnvVarsInLog = 0;
		};
		E63ED45A7A1D454C7176BA38 /* [CP] Embed Pods Frameworks */ = {
			isa = PBXShellScriptBuildPhase;
			buildActionMask = 2147483647;
			files = (
			);
			inputPaths = (
				"${SRCROOT}/Pods/Target Support Files/Pods-Devices-MetaCom-iOS-Simulator/Pods-Devices-MetaCom-iOS-Simulator-frameworks.sh",
				"${BUILT_PRODUCTS_DIR}/JSQMessagesViewController/JSQMessagesViewController.framework",
				"${BUILT_PRODUCTS_DIR}/JSQSystemSoundPlayer/JSQSystemSoundPlayer.framework",
				"${BUILT_PRODUCTS_DIR}/ReachabilitySwift/ReachabilitySwift.framework",
			);
			name = "[CP] Embed Pods Frameworks";
			outputPaths = (
				"${TARGET_BUILD_DIR}/${FRAMEWORKS_FOLDER_PATH}/JSQMessagesViewController.framework",
				"${TARGET_BUILD_DIR}/${FRAMEWORKS_FOLDER_PATH}/JSQSystemSoundPlayer.framework",
				"${TARGET_BUILD_DIR}/${FRAMEWORKS_FOLDER_PATH}/ReachabilitySwift.framework",
			);
			runOnlyForDeploymentPostprocessing = 0;
			shellPath = /bin/sh;
			shellScript = "\"${SRCROOT}/Pods/Target Support Files/Pods-Devices-MetaCom-iOS-Simulator/Pods-Devices-MetaCom-iOS-Simulator-frameworks.sh\"\n";
			showEnvVarsInLog = 0;
		};
		F0E5E27406B0EA9C7F7647D8 /* [CP] Check Pods Manifest.lock */ = {
			isa = PBXShellScriptBuildPhase;
			buildActionMask = 2147483647;
			files = (
			);
			inputPaths = (
				"${PODS_PODFILE_DIR_PATH}/Podfile.lock",
				"${PODS_ROOT}/Manifest.lock",
			);
			name = "[CP] Check Pods Manifest.lock";
			outputPaths = (
				"$(DERIVED_FILE_DIR)/Pods-Devices-MetaCom-iOS-Simulator-checkManifestLockResult.txt",
			);
			runOnlyForDeploymentPostprocessing = 0;
			shellPath = /bin/sh;
			shellScript = "diff \"${PODS_PODFILE_DIR_PATH}/Podfile.lock\" \"${PODS_ROOT}/Manifest.lock\" > /dev/null\nif [ $? != 0 ] ; then\n    # print error to STDERR\n    echo \"error: The sandbox is not in sync with the Podfile.lock. Run 'pod install' or update your CocoaPods installation.\" >&2\n    exit 1\nfi\n# This output is used by Xcode 'outputs' to avoid re-running this script phase.\necho \"SUCCESS\" > \"${SCRIPT_OUTPUT_FILE_0}\"\n";
			showEnvVarsInLog = 0;
		};
		F450E6A2416A6BE6C86ED89A /* [CP] Check Pods Manifest.lock */ = {
			isa = PBXShellScriptBuildPhase;
			buildActionMask = 2147483647;
			files = (
			);
			inputPaths = (
				"${PODS_PODFILE_DIR_PATH}/Podfile.lock",
				"${PODS_ROOT}/Manifest.lock",
			);
			name = "[CP] Check Pods Manifest.lock";
			outputPaths = (
				"$(DERIVED_FILE_DIR)/Pods-Devices-MetaCom-iOS-Device-checkManifestLockResult.txt",
			);
			runOnlyForDeploymentPostprocessing = 0;
			shellPath = /bin/sh;
			shellScript = "diff \"${PODS_PODFILE_DIR_PATH}/Podfile.lock\" \"${PODS_ROOT}/Manifest.lock\" > /dev/null\nif [ $? != 0 ] ; then\n    # print error to STDERR\n    echo \"error: The sandbox is not in sync with the Podfile.lock. Run 'pod install' or update your CocoaPods installation.\" >&2\n    exit 1\nfi\n# This output is used by Xcode 'outputs' to avoid re-running this script phase.\necho \"SUCCESS\" > \"${SCRIPT_OUTPUT_FILE_0}\"\n";
			showEnvVarsInLog = 0;
		};
/* End PBXShellScriptBuildPhase section */

/* Begin PBXSourcesBuildPhase section */
		142318D81ECCE14B00F63687 /* Sources */ = {
			isa = PBXSourcesBuildPhase;
			buildActionMask = 2147483647;
			files = (
				8F8425C81F1A528300C5AC6E /* UINavigationController+Progress.swift in Sources */,
				142319071ECDEA2000F63687 /* ChatRoomDelegate.swift in Sources */,
				142318FA1ECCE9BE00F63687 /* FileManager.swift in Sources */,
				142318FC1ECCE9C700F63687 /* ChatRoomManager.swift in Sources */,
				8F035ED01EEEDE2100E597A0 /* FilePickerController.swift in Sources */,
				148A782F1F2A13D1007415BA /* JSTPConnection+CacheCall.swift in Sources */,
				8FEE95301ED8B2DD007DAE78 /* UIViewController+EndEditing.swift in Sources */,
				142318FF1ECCE9DA00F63687 /* ChatRoom.swift in Sources */,
				8F6B37821F1BB82B0075FCBF /* SystemMessagesBubbleImage.swift in Sources */,
				8F02679D1F31E40C00AEDC8D /* UIButton+VerticalLayout.swift in Sources */,
				8FAB32ED1ED823670004BEFF /* DataMediaView.swift in Sources */,
				147BD87B1F12BD3700562013 /* UIControl+Extensions.swift in Sources */,
				142319051ECDDE0900F63687 /* Message.swift in Sources */,
				8F03FD611F58297200583A1D /* UITextField+PlaceholderColor.swift in Sources */,
				142318F61ECCE99C00F63687 /* UserConnectionManager.swift in Sources */,
				8F7370E71F1BA3A500DDCE8D /* JSQMessagesCollectionViewCellSystem.swift in Sources */,
				142318F81ECCE9AE00F63687 /* UserConnection.swift in Sources */,
				142318E01ECCE14B00F63687 /* AppDelegate.swift in Sources */,
				14226CF41F2F6CBF00E5A288 /* SystemSound.swift in Sources */,
				8F9E9FA51ECEF8E1004F5CD1 /* FilesViewController.swift in Sources */,
				8F70D5E11EF57E7900AAB2B5 /* DotedActivityIndicatorView.swift in Sources */,
				14CBECC91ED08ECD008B6587 /* Events.swift in Sources */,
				8F689DE01F56BEF6001CB56A /* UIColor+Extensions.swift in Sources */,
				8F3F87B11EE9762A00B64B99 /* UIViewController+UIAlertRepresentable.swift in Sources */,
				8F6CFFC91F856DC600B07AA7 /* CompletionsView.swift in Sources */,
				8F5E69C91F87839D008A95E3 /* RemotesManager.swift in Sources */,
				142319021ECCF2F800F63687 /* Constants.swift in Sources */,
				14E3BA661EE467A100739F46 /* Error.swift in Sources */,
				8F9E9FA71ECEFBD9004F5CD1 /* ChatViewController.swift in Sources */,
				8F9E9FA31ECEEC8F004F5CD1 /* ConnectionViewController.swift in Sources */,
				8F3CAC341F29D49D00382D9A /* ActivityButton.swift in Sources */,
				8FAB32E91ED81B250004BEFF /* JSQDataMediaItem.swift in Sources */,
				8F70D5DF1EF5709B00AAB2B5 /* DotView.swift in Sources */,
				14084C081F1004DB005DE87C /* String+Localized.swift in Sources */,
				142319121ED07B4400F63687 /* NotificationName+Extensions.swift in Sources */,
				14FCAF4E1F349737002292BE /* ConnectionTabBarController.swift in Sources */,
				8F5E69C61F8635A0008A95E3 /* Remote.swift in Sources */,
				8F146CCF1EDD914100BC1733 /* Array+Remove.swift in Sources */,
				8F035ED31EEEDEB200E597A0 /* FilePickerDelegate.swift in Sources */,
				8F9E9FA91ECEFBE5004F5CD1 /* NewChatViewController.swift in Sources */,
			);
			runOnlyForDeploymentPostprocessing = 0;
		};
		143936311F5E7564000D38DE /* Sources */ = {
			isa = PBXSourcesBuildPhase;
			buildActionMask = 2147483647;
			files = (
				143936321F5E7564000D38DE /* UINavigationController+Progress.swift in Sources */,
				143936331F5E7564000D38DE /* ChatRoomDelegate.swift in Sources */,
				143936341F5E7564000D38DE /* FileManager.swift in Sources */,
				143936351F5E7564000D38DE /* ChatRoomManager.swift in Sources */,
				143936361F5E7564000D38DE /* FilePickerController.swift in Sources */,
				143936371F5E7564000D38DE /* JSTPConnection+CacheCall.swift in Sources */,
				143936381F5E7564000D38DE /* UIViewController+EndEditing.swift in Sources */,
				143936391F5E7564000D38DE /* ChatRoom.swift in Sources */,
				1439363A1F5E7564000D38DE /* SystemMessagesBubbleImage.swift in Sources */,
				1439363B1F5E7564000D38DE /* UIButton+VerticalLayout.swift in Sources */,
				1439363C1F5E7564000D38DE /* DataMediaView.swift in Sources */,
				1439363D1F5E7564000D38DE /* UIControl+Extensions.swift in Sources */,
				1439363E1F5E7564000D38DE /* Message.swift in Sources */,
				1439363F1F5E7564000D38DE /* UITextField+PlaceholderColor.swift in Sources */,
				143936401F5E7564000D38DE /* UserConnectionManager.swift in Sources */,
				143936411F5E7564000D38DE /* JSQMessagesCollectionViewCellSystem.swift in Sources */,
				143936421F5E7564000D38DE /* UserConnection.swift in Sources */,
				143936431F5E7564000D38DE /* AppDelegate.swift in Sources */,
				143936441F5E7564000D38DE /* SystemSound.swift in Sources */,
				143936451F5E7564000D38DE /* FilesViewController.swift in Sources */,
				143936461F5E7564000D38DE /* DotedActivityIndicatorView.swift in Sources */,
				143936471F5E7564000D38DE /* Events.swift in Sources */,
				143936481F5E7564000D38DE /* UIColor+Extensions.swift in Sources */,
				143936491F5E7564000D38DE /* UIViewController+UIAlertRepresentable.swift in Sources */,
				8F6CFFCA1F856DC600B07AA7 /* CompletionsView.swift in Sources */,
				8F5E69CA1F87839D008A95E3 /* RemotesManager.swift in Sources */,
				1439364A1F5E7564000D38DE /* Constants.swift in Sources */,
				1439364B1F5E7564000D38DE /* Error.swift in Sources */,
				1439364C1F5E7564000D38DE /* ChatViewController.swift in Sources */,
				1439364D1F5E7564000D38DE /* ConnectionViewController.swift in Sources */,
				1439364E1F5E7564000D38DE /* ActivityButton.swift in Sources */,
				1439364F1F5E7564000D38DE /* JSQDataMediaItem.swift in Sources */,
				143936501F5E7564000D38DE /* DotView.swift in Sources */,
				143936511F5E7564000D38DE /* String+Localized.swift in Sources */,
				143936521F5E7564000D38DE /* NotificationName+Extensions.swift in Sources */,
				143936531F5E7564000D38DE /* ConnectionTabBarController.swift in Sources */,
				8F5E69C71F8635A4008A95E3 /* Remote.swift in Sources */,
				143936541F5E7564000D38DE /* Array+Remove.swift in Sources */,
				143936551F5E7564000D38DE /* FilePickerDelegate.swift in Sources */,
				143936561F5E7564000D38DE /* NewChatViewController.swift in Sources */,
			);
			runOnlyForDeploymentPostprocessing = 0;
		};
/* End PBXSourcesBuildPhase section */

/* Begin PBXVariantGroup section */
		142318E31ECCE14B00F63687 /* Main.storyboard */ = {
			isa = PBXVariantGroup;
			children = (
				142318E41ECCE14B00F63687 /* Base */,
				14FCAF4C1F3483DF002292BE /* en */,
			);
			name = Main.storyboard;
			path = "MetaCom-iOS/Storyboards";
			sourceTree = SOURCE_ROOT;
		};
		142318E81ECCE14B00F63687 /* LaunchScreen.storyboard */ = {
			isa = PBXVariantGroup;
			children = (
				142318E91ECCE14B00F63687 /* Base */,
			);
			name = LaunchScreen.storyboard;
			sourceTree = "<group>";
		};
/* End PBXVariantGroup section */

/* Begin XCBuildConfiguration section */
		142318EC1ECCE14B00F63687 /* Debug */ = {
			isa = XCBuildConfiguration;
			buildSettings = {
				ALWAYS_SEARCH_USER_PATHS = NO;
				CLANG_ANALYZER_NONNULL = YES;
				CLANG_ANALYZER_NUMBER_OBJECT_CONVERSION = YES_AGGRESSIVE;
				CLANG_CXX_LANGUAGE_STANDARD = "gnu++0x";
				CLANG_CXX_LIBRARY = "libc++";
				CLANG_ENABLE_MODULES = YES;
				CLANG_ENABLE_OBJC_ARC = YES;
				CLANG_WARN_BLOCK_CAPTURE_AUTORELEASING = YES;
				CLANG_WARN_BOOL_CONVERSION = YES;
				CLANG_WARN_COMMA = YES;
				CLANG_WARN_CONSTANT_CONVERSION = YES;
				CLANG_WARN_DIRECT_OBJC_ISA_USAGE = YES_ERROR;
				CLANG_WARN_DOCUMENTATION_COMMENTS = YES;
				CLANG_WARN_EMPTY_BODY = YES;
				CLANG_WARN_ENUM_CONVERSION = YES;
				CLANG_WARN_INFINITE_RECURSION = YES;
				CLANG_WARN_INT_CONVERSION = YES;
				CLANG_WARN_NON_LITERAL_NULL_CONVERSION = YES;
				CLANG_WARN_OBJC_LITERAL_CONVERSION = YES;
				CLANG_WARN_OBJC_ROOT_CLASS = YES_ERROR;
				CLANG_WARN_RANGE_LOOP_ANALYSIS = YES;
				CLANG_WARN_STRICT_PROTOTYPES = YES;
				CLANG_WARN_SUSPICIOUS_MOVE = YES;
				CLANG_WARN_UNREACHABLE_CODE = YES;
				CLANG_WARN__DUPLICATE_METHOD_MATCH = YES;
				"CODE_SIGN_IDENTITY[sdk=iphoneos*]" = "iPhone Developer";
				COPY_PHASE_STRIP = NO;
				DEBUG_INFORMATION_FORMAT = dwarf;
				ENABLE_STRICT_OBJC_MSGSEND = YES;
				ENABLE_TESTABILITY = YES;
				GCC_C_LANGUAGE_STANDARD = gnu99;
				GCC_DYNAMIC_NO_PIC = NO;
				GCC_NO_COMMON_BLOCKS = YES;
				GCC_OPTIMIZATION_LEVEL = 0;
				GCC_PREPROCESSOR_DEFINITIONS = (
					"DEBUG=1",
					"$(inherited)",
				);
				GCC_WARN_64_TO_32_BIT_CONVERSION = YES;
				GCC_WARN_ABOUT_RETURN_TYPE = YES_ERROR;
				GCC_WARN_UNDECLARED_SELECTOR = YES;
				GCC_WARN_UNINITIALIZED_AUTOS = YES_AGGRESSIVE;
				GCC_WARN_UNUSED_FUNCTION = YES;
				GCC_WARN_UNUSED_VARIABLE = YES;
				IPHONEOS_DEPLOYMENT_TARGET = 10.3;
				MTL_ENABLE_DEBUG_INFO = YES;
				ONLY_ACTIVE_ARCH = YES;
				SDKROOT = iphoneos;
				SWIFT_ACTIVE_COMPILATION_CONDITIONS = DEBUG;
				SWIFT_OPTIMIZATION_LEVEL = "-Onone";
				TARGETED_DEVICE_FAMILY = "1,2";
			};
			name = Debug;
		};
		142318ED1ECCE14B00F63687 /* Release */ = {
			isa = XCBuildConfiguration;
			buildSettings = {
				ALWAYS_SEARCH_USER_PATHS = NO;
				CLANG_ANALYZER_NONNULL = YES;
				CLANG_ANALYZER_NUMBER_OBJECT_CONVERSION = YES_AGGRESSIVE;
				CLANG_CXX_LANGUAGE_STANDARD = "gnu++0x";
				CLANG_CXX_LIBRARY = "libc++";
				CLANG_ENABLE_MODULES = YES;
				CLANG_ENABLE_OBJC_ARC = YES;
				CLANG_WARN_BLOCK_CAPTURE_AUTORELEASING = YES;
				CLANG_WARN_BOOL_CONVERSION = YES;
				CLANG_WARN_COMMA = YES;
				CLANG_WARN_CONSTANT_CONVERSION = YES;
				CLANG_WARN_DIRECT_OBJC_ISA_USAGE = YES_ERROR;
				CLANG_WARN_DOCUMENTATION_COMMENTS = YES;
				CLANG_WARN_EMPTY_BODY = YES;
				CLANG_WARN_ENUM_CONVERSION = YES;
				CLANG_WARN_INFINITE_RECURSION = YES;
				CLANG_WARN_INT_CONVERSION = YES;
				CLANG_WARN_NON_LITERAL_NULL_CONVERSION = YES;
				CLANG_WARN_OBJC_LITERAL_CONVERSION = YES;
				CLANG_WARN_OBJC_ROOT_CLASS = YES_ERROR;
				CLANG_WARN_RANGE_LOOP_ANALYSIS = YES;
				CLANG_WARN_STRICT_PROTOTYPES = YES;
				CLANG_WARN_SUSPICIOUS_MOVE = YES;
				CLANG_WARN_UNREACHABLE_CODE = YES;
				CLANG_WARN__DUPLICATE_METHOD_MATCH = YES;
				"CODE_SIGN_IDENTITY[sdk=iphoneos*]" = "iPhone Developer";
				COPY_PHASE_STRIP = NO;
				DEBUG_INFORMATION_FORMAT = "dwarf-with-dsym";
				ENABLE_NS_ASSERTIONS = NO;
				ENABLE_STRICT_OBJC_MSGSEND = YES;
				GCC_C_LANGUAGE_STANDARD = gnu99;
				GCC_NO_COMMON_BLOCKS = YES;
				GCC_WARN_64_TO_32_BIT_CONVERSION = YES;
				GCC_WARN_ABOUT_RETURN_TYPE = YES_ERROR;
				GCC_WARN_UNDECLARED_SELECTOR = YES;
				GCC_WARN_UNINITIALIZED_AUTOS = YES_AGGRESSIVE;
				GCC_WARN_UNUSED_FUNCTION = YES;
				GCC_WARN_UNUSED_VARIABLE = YES;
				IPHONEOS_DEPLOYMENT_TARGET = 10.3;
				MTL_ENABLE_DEBUG_INFO = NO;
				SDKROOT = iphoneos;
				SWIFT_OPTIMIZATION_LEVEL = "-Owholemodule";
				TARGETED_DEVICE_FAMILY = "1,2";
				VALIDATE_PRODUCT = YES;
			};
			name = Release;
		};
		142318EF1ECCE14B00F63687 /* Debug */ = {
			isa = XCBuildConfiguration;
			baseConfigurationReference = 470E3F28D6DC70F04E74C742 /* Pods-Devices-MetaCom-iOS-Device.debug.xcconfig */;
			buildSettings = {
				ARCHS = "$(ARCHS_STANDARD)";
				ASSETCATALOG_COMPILER_APPICON_NAME = AppIcon;
				CODE_SIGN_ENTITLEMENTS = "MetaCom-iOS/Supporting/MetaCom-iOS.entitlements";
				DEVELOPMENT_TEAM = Q5WSPT927E;
				ENABLE_BITCODE = NO;
				FRAMEWORK_SEARCH_PATHS = (
					"$(inherited)",
					"$(PROJECT_DIR)/MetaCom-iOS",
					"$(PROJECT_DIR)",
					"$(PROJECT_DIR)/Vendor",
					"$(PROJECT_DIR)/Vendor/Device",
				);
				INFOPLIST_FILE = "$(SRCROOT)/MetaCom-iOS/Supporting/Device-Info.plist";
				LD_RUNPATH_SEARCH_PATHS = "$(inherited) @executable_path/Frameworks";
				PRODUCT_BUNDLE_IDENTIFIER = com.metarhia.MetaCom;
				PRODUCT_NAME = "$(TARGET_NAME)";
				SWIFT_VERSION = 3.0;
				VALID_ARCHS = "$(ARCHS_STANDARD)";
			};
			name = Debug;
		};
		142318F01ECCE14B00F63687 /* Release */ = {
			isa = XCBuildConfiguration;
			baseConfigurationReference = 295D73C49AE96D7CBABC5721 /* Pods-Devices-MetaCom-iOS-Device.release.xcconfig */;
			buildSettings = {
				ARCHS = "$(ARCHS_STANDARD)";
				ASSETCATALOG_COMPILER_APPICON_NAME = AppIcon;
				CODE_SIGN_ENTITLEMENTS = "MetaCom-iOS/Supporting/MetaCom-iOS.entitlements";
				DEVELOPMENT_TEAM = Q5WSPT927E;
				ENABLE_BITCODE = NO;
				FRAMEWORK_SEARCH_PATHS = (
					"$(inherited)",
					"$(PROJECT_DIR)/MetaCom-iOS",
					"$(PROJECT_DIR)",
					"$(PROJECT_DIR)/Vendor",
					"$(PROJECT_DIR)/Vendor/Device",
				);
				INFOPLIST_FILE = "$(SRCROOT)/MetaCom-iOS/Supporting/Device-Info.plist";
				LD_RUNPATH_SEARCH_PATHS = "$(inherited) @executable_path/Frameworks";
				ONLY_ACTIVE_ARCH = NO;
				PRODUCT_BUNDLE_IDENTIFIER = com.metarhia.MetaCom;
				PRODUCT_NAME = "$(TARGET_NAME)";
				SWIFT_VERSION = 3.0;
				VALID_ARCHS = "$(ARCHS_STANDARD)";
			};
			name = Release;
		};
		143936691F5E7564000D38DE /* Debug */ = {
			isa = XCBuildConfiguration;
			baseConfigurationReference = EF09B93193AC545B7945FF56 /* Pods-Devices-MetaCom-iOS-Simulator.debug.xcconfig */;
			buildSettings = {
				ARCHS = x86_64;
				ASSETCATALOG_COMPILER_APPICON_NAME = AppIcon;
				CODE_SIGN_ENTITLEMENTS = "MetaCom-iOS/Supporting/MetaCom-iOS.entitlements";
				DEVELOPMENT_TEAM = Q5WSPT927E;
				FRAMEWORK_SEARCH_PATHS = (
					"$(inherited)",
					"$(PROJECT_DIR)/MetaCom-iOS",
					"$(PROJECT_DIR)",
					"$(PROJECT_DIR)/Vendor",
					"$(PROJECT_DIR)/Vendor/Simulator",
				);
				INFOPLIST_FILE = "$(SRCROOT)/MetaCom-iOS/Supporting/Simulator-Info.plist";
				LD_RUNPATH_SEARCH_PATHS = "$(inherited) @executable_path/Frameworks";
				PRODUCT_BUNDLE_IDENTIFIER = com.metarhia.MetaCom;
				PRODUCT_NAME = "$(TARGET_NAME)";
				SWIFT_VERSION = 3.0;
				VALID_ARCHS = x86_64;
			};
			name = Debug;
		};
		1439366A1F5E7564000D38DE /* Release */ = {
			isa = XCBuildConfiguration;
			baseConfigurationReference = 1C3FDC80E44837F8EF8C1675 /* Pods-Devices-MetaCom-iOS-Simulator.release.xcconfig */;
			buildSettings = {
				ARCHS = x86_64;
				ASSETCATALOG_COMPILER_APPICON_NAME = AppIcon;
				CODE_SIGN_ENTITLEMENTS = "MetaCom-iOS/Supporting/MetaCom-iOS.entitlements";
				DEVELOPMENT_TEAM = Q5WSPT927E;
				FRAMEWORK_SEARCH_PATHS = (
					"$(inherited)",
					"$(PROJECT_DIR)/MetaCom-iOS",
					"$(PROJECT_DIR)",
					"$(PROJECT_DIR)/Vendor",
					"$(PROJECT_DIR)/Vendor/Simulator",
				);
				INFOPLIST_FILE = "$(SRCROOT)/MetaCom-iOS/Supporting/Simulator-Info.plist";
				LD_RUNPATH_SEARCH_PATHS = "$(inherited) @executable_path/Frameworks";
				PRODUCT_BUNDLE_IDENTIFIER = com.metarhia.MetaCom;
				PRODUCT_NAME = "$(TARGET_NAME)";
				SWIFT_VERSION = 3.0;
				VALID_ARCHS = x86_64;
			};
			name = Release;
		};
/* End XCBuildConfiguration section */

/* Begin XCConfigurationList section */
		142318D71ECCE14B00F63687 /* Build configuration list for PBXProject "MetaCom-iOS" */ = {
			isa = XCConfigurationList;
			buildConfigurations = (
				142318EC1ECCE14B00F63687 /* Debug */,
				142318ED1ECCE14B00F63687 /* Release */,
			);
			defaultConfigurationIsVisible = 0;
			defaultConfigurationName = Release;
		};
		142318EE1ECCE14B00F63687 /* Build configuration list for PBXNativeTarget "MetaCom-iOS-Device" */ = {
			isa = XCConfigurationList;
			buildConfigurations = (
				142318EF1ECCE14B00F63687 /* Debug */,
				142318F01ECCE14B00F63687 /* Release */,
			);
			defaultConfigurationIsVisible = 0;
			defaultConfigurationName = Release;
		};
		143936681F5E7564000D38DE /* Build configuration list for PBXNativeTarget "MetaCom-iOS-Simulator" */ = {
			isa = XCConfigurationList;
			buildConfigurations = (
				143936691F5E7564000D38DE /* Debug */,
				1439366A1F5E7564000D38DE /* Release */,
			);
			defaultConfigurationIsVisible = 0;
			defaultConfigurationName = Release;
		};
/* End XCConfigurationList section */
	};
	rootObject = 142318D41ECCE14B00F63687 /* Project object */;
}
