// !$*UTF8*$!
{
	archiveVersion = 1;
	classes = {
	};
	objectVersion = 46;
	objects = {

/* Begin PBXBuildFile section */
		142318E01ECCE14B00F63687 /* AppDelegate.swift in Sources */ = {isa = PBXBuildFile; fileRef = 142318DF1ECCE14B00F63687 /* AppDelegate.swift */; };
		142318E51ECCE14B00F63687 /* Main.storyboard in Resources */ = {isa = PBXBuildFile; fileRef = 142318E31ECCE14B00F63687 /* Main.storyboard */; };
		142318E71ECCE14B00F63687 /* Assets.xcassets in Resources */ = {isa = PBXBuildFile; fileRef = 142318E61ECCE14B00F63687 /* Assets.xcassets */; };
		142318EA1ECCE14B00F63687 /* LaunchScreen.storyboard in Resources */ = {isa = PBXBuildFile; fileRef = 142318E81ECCE14B00F63687 /* LaunchScreen.storyboard */; };
		142318F61ECCE99C00F63687 /* UserConnectionManager.swift in Sources */ = {isa = PBXBuildFile; fileRef = 142318F51ECCE99C00F63687 /* UserConnectionManager.swift */; };
		142318F81ECCE9AE00F63687 /* UserConnection.swift in Sources */ = {isa = PBXBuildFile; fileRef = 142318F71ECCE9AE00F63687 /* UserConnection.swift */; };
		142318FA1ECCE9BE00F63687 /* FileManager.swift in Sources */ = {isa = PBXBuildFile; fileRef = 142318F91ECCE9BE00F63687 /* FileManager.swift */; };
		142318FC1ECCE9C700F63687 /* ChatRoomManager.swift in Sources */ = {isa = PBXBuildFile; fileRef = 142318FB1ECCE9C700F63687 /* ChatRoomManager.swift */; };
		142318FF1ECCE9DA00F63687 /* ChatRoom.swift in Sources */ = {isa = PBXBuildFile; fileRef = 142318FE1ECCE9DA00F63687 /* ChatRoom.swift */; };
		142319021ECCF2F800F63687 /* Constants.swift in Sources */ = {isa = PBXBuildFile; fileRef = 142319011ECCF2F800F63687 /* Constants.swift */; };
		142319051ECDDE0900F63687 /* Message.swift in Sources */ = {isa = PBXBuildFile; fileRef = 142319041ECDDE0900F63687 /* Message.swift */; };
		142319071ECDEA2000F63687 /* ChatRoomDelegate.swift in Sources */ = {isa = PBXBuildFile; fileRef = 142319061ECDEA2000F63687 /* ChatRoomDelegate.swift */; };
		142319121ED07B4400F63687 /* NotificationName+Extensions.swift in Sources */ = {isa = PBXBuildFile; fileRef = 142319111ED07B4400F63687 /* NotificationName+Extensions.swift */; };
		1474A72A1ED2FA87009464BD /* Socket.framework in Frameworks */ = {isa = PBXBuildFile; fileRef = 1474A7271ED2F9F3009464BD /* Socket.framework */; };
		1474A72B1ED2FA87009464BD /* Socket.framework in Embed Frameworks */ = {isa = PBXBuildFile; fileRef = 1474A7271ED2F9F3009464BD /* Socket.framework */; settings = {ATTRIBUTES = (CodeSignOnCopy, RemoveHeadersOnCopy, ); }; };
		1474A72D1ED2FAAC009464BD /* JSTP.framework in Frameworks */ = {isa = PBXBuildFile; fileRef = 1474A7261ED2F9F3009464BD /* JSTP.framework */; };
		1474A72E1ED2FAAC009464BD /* JSTP.framework in Embed Frameworks */ = {isa = PBXBuildFile; fileRef = 1474A7261ED2F9F3009464BD /* JSTP.framework */; settings = {ATTRIBUTES = (CodeSignOnCopy, RemoveHeadersOnCopy, ); }; };
		14CBECC91ED08ECD008B6587 /* Events.swift in Sources */ = {isa = PBXBuildFile; fileRef = 14CBECC81ED08ECD008B6587 /* Events.swift */; };
		14E3BA661EE467A100739F46 /* Error.swift in Sources */ = {isa = PBXBuildFile; fileRef = 14E3BA651EE467A100739F46 /* Error.swift */; };
		404AF8F6726770FDA6940EA8 /* Pods_MetaCom_iOS.framework in Frameworks */ = {isa = PBXBuildFile; fileRef = 6034B7A35759EFECBB1C4B93 /* Pods_MetaCom_iOS.framework */; };
		8F035ED01EEEDE2100E597A0 /* FilePickerController.swift in Sources */ = {isa = PBXBuildFile; fileRef = 8F035ECF1EEEDE2100E597A0 /* FilePickerController.swift */; };
		8F035ED31EEEDEB200E597A0 /* FilePickerDelegate.swift in Sources */ = {isa = PBXBuildFile; fileRef = 8F035ED21EEEDEB200E597A0 /* FilePickerDelegate.swift */; };
		8F146CCF1EDD914100BC1733 /* Array+Remove.swift in Sources */ = {isa = PBXBuildFile; fileRef = 8F146CCE1EDD914100BC1733 /* Array+Remove.swift */; };
		8F3F87B11EE9762A00B64B99 /* UIAlertController+Templates.swift in Sources */ = {isa = PBXBuildFile; fileRef = 8F3F87B01EE9762A00B64B99 /* UIAlertController+Templates.swift */; };
		8F42B8AB1ED5708400C34520 /* UIButton+ActivityIndicator.swift in Sources */ = {isa = PBXBuildFile; fileRef = 8F42B8AA1ED5708400C34520 /* UIButton+ActivityIndicator.swift */; };
		8F42B8AD1ED57C1100C34520 /* UINavigationController+Root.swift in Sources */ = {isa = PBXBuildFile; fileRef = 8F42B8AC1ED57C1100C34520 /* UINavigationController+Root.swift */; };
		8F42B8AF1ED57F1B00C34520 /* String+Trim.swift in Sources */ = {isa = PBXBuildFile; fileRef = 8F42B8AE1ED57F1B00C34520 /* String+Trim.swift */; };
		8F42B8B11ED5A13E00C34520 /* UIViewController+Content.swift in Sources */ = {isa = PBXBuildFile; fileRef = 8F42B8B01ED5A13E00C34520 /* UIViewController+Content.swift */; };
		8F6B37821F1BB82B0075FCBF /* SystemMessagesBubbleImage.swift in Sources */ = {isa = PBXBuildFile; fileRef = 8F6B37811F1BB82B0075FCBF /* SystemMessagesBubbleImage.swift */; };
		8F70D5DF1EF5709B00AAB2B5 /* DotView.swift in Sources */ = {isa = PBXBuildFile; fileRef = 8F70D5DE1EF5709B00AAB2B5 /* DotView.swift */; };
		8F70D5E11EF57E7900AAB2B5 /* DotedActivityIndicatorView.swift in Sources */ = {isa = PBXBuildFile; fileRef = 8F70D5E01EF57E7900AAB2B5 /* DotedActivityIndicatorView.swift */; };
		8F7370E01F1B9E7400DDCE8D /* JSQMessagesCollectionViewCellSystem.xib in Resources */ = {isa = PBXBuildFile; fileRef = 8F7370DF1F1B9E7400DDCE8D /* JSQMessagesCollectionViewCellSystem.xib */; };
		8F7370E71F1BA3A500DDCE8D /* JSQMessagesCollectionViewCellSystem.swift in Sources */ = {isa = PBXBuildFile; fileRef = 8F7370E61F1BA3A500DDCE8D /* JSQMessagesCollectionViewCellSystem.swift */; };
		8F8425C81F1A528300C5AC6E /* UINavigationController+Progress.swift in Sources */ = {isa = PBXBuildFile; fileRef = 8F8425C71F1A528300C5AC6E /* UINavigationController+Progress.swift */; };
		8F9E9FA31ECEEC8F004F5CD1 /* ConnectionViewController.swift in Sources */ = {isa = PBXBuildFile; fileRef = 8F9E9FA21ECEEC8F004F5CD1 /* ConnectionViewController.swift */; };
		8F9E9FA51ECEF8E1004F5CD1 /* FilesViewController.swift in Sources */ = {isa = PBXBuildFile; fileRef = 8F9E9FA41ECEF8E1004F5CD1 /* FilesViewController.swift */; };
		8F9E9FA71ECEFBD9004F5CD1 /* ChatViewController.swift in Sources */ = {isa = PBXBuildFile; fileRef = 8F9E9FA61ECEFBD9004F5CD1 /* ChatViewController.swift */; };
		8F9E9FA91ECEFBE5004F5CD1 /* NewChatViewController.swift in Sources */ = {isa = PBXBuildFile; fileRef = 8F9E9FA81ECEFBE5004F5CD1 /* NewChatViewController.swift */; };
		8FAB32E91ED81B250004BEFF /* JSQDataMediaItem.swift in Sources */ = {isa = PBXBuildFile; fileRef = 8FAB32E81ED81B250004BEFF /* JSQDataMediaItem.swift */; };
		8FAB32EB1ED823560004BEFF /* DataMediaView.xib in Resources */ = {isa = PBXBuildFile; fileRef = 8FAB32EA1ED823560004BEFF /* DataMediaView.xib */; };
		8FAB32ED1ED823670004BEFF /* DataMediaView.swift in Sources */ = {isa = PBXBuildFile; fileRef = 8FAB32EC1ED823670004BEFF /* DataMediaView.swift */; };
		8FEE95301ED8B2DD007DAE78 /* UIViewController+EndEditing.swift in Sources */ = {isa = PBXBuildFile; fileRef = 8FEE952F1ED8B2DD007DAE78 /* UIViewController+EndEditing.swift */; };
/* End PBXBuildFile section */

/* Begin PBXCopyFilesBuildPhase section */
		1474A72C1ED2FA87009464BD /* Embed Frameworks */ = {
			isa = PBXCopyFilesBuildPhase;
			buildActionMask = 2147483647;
			dstPath = "";
			dstSubfolderSpec = 10;
			files = (
				1474A72B1ED2FA87009464BD /* Socket.framework in Embed Frameworks */,
				1474A72E1ED2FAAC009464BD /* JSTP.framework in Embed Frameworks */,
			);
			name = "Embed Frameworks";
			runOnlyForDeploymentPostprocessing = 0;
		};
/* End PBXCopyFilesBuildPhase section */

/* Begin PBXFileReference section */
		142318DC1ECCE14B00F63687 /* MetaCom-iOS.app */ = {isa = PBXFileReference; explicitFileType = wrapper.application; includeInIndex = 0; path = "MetaCom-iOS.app"; sourceTree = BUILT_PRODUCTS_DIR; };
		142318DF1ECCE14B00F63687 /* AppDelegate.swift */ = {isa = PBXFileReference; lastKnownFileType = sourcecode.swift; path = AppDelegate.swift; sourceTree = "<group>"; };
		142318E41ECCE14B00F63687 /* Base */ = {isa = PBXFileReference; lastKnownFileType = file.storyboard; name = Base; path = Base.lproj/Main.storyboard; sourceTree = "<group>"; };
		142318E61ECCE14B00F63687 /* Assets.xcassets */ = {isa = PBXFileReference; lastKnownFileType = folder.assetcatalog; path = Assets.xcassets; sourceTree = "<group>"; };
		142318E91ECCE14B00F63687 /* Base */ = {isa = PBXFileReference; lastKnownFileType = file.storyboard; name = Base; path = Base.lproj/LaunchScreen.storyboard; sourceTree = "<group>"; };
		142318EB1ECCE14B00F63687 /* Info.plist */ = {isa = PBXFileReference; lastKnownFileType = text.plist.xml; path = Info.plist; sourceTree = "<group>"; };
		142318F51ECCE99C00F63687 /* UserConnectionManager.swift */ = {isa = PBXFileReference; fileEncoding = 4; lastKnownFileType = sourcecode.swift; path = UserConnectionManager.swift; sourceTree = "<group>"; };
		142318F71ECCE9AE00F63687 /* UserConnection.swift */ = {isa = PBXFileReference; fileEncoding = 4; lastKnownFileType = sourcecode.swift; path = UserConnection.swift; sourceTree = "<group>"; };
		142318F91ECCE9BE00F63687 /* FileManager.swift */ = {isa = PBXFileReference; fileEncoding = 4; lastKnownFileType = sourcecode.swift; path = FileManager.swift; sourceTree = "<group>"; };
		142318FB1ECCE9C700F63687 /* ChatRoomManager.swift */ = {isa = PBXFileReference; fileEncoding = 4; lastKnownFileType = sourcecode.swift; path = ChatRoomManager.swift; sourceTree = "<group>"; };
		142318FE1ECCE9DA00F63687 /* ChatRoom.swift */ = {isa = PBXFileReference; fileEncoding = 4; lastKnownFileType = sourcecode.swift; path = ChatRoom.swift; sourceTree = "<group>"; };
		142319011ECCF2F800F63687 /* Constants.swift */ = {isa = PBXFileReference; fileEncoding = 4; lastKnownFileType = sourcecode.swift; path = Constants.swift; sourceTree = "<group>"; };
		142319041ECDDE0900F63687 /* Message.swift */ = {isa = PBXFileReference; fileEncoding = 4; lastKnownFileType = sourcecode.swift; path = Message.swift; sourceTree = "<group>"; };
		142319061ECDEA2000F63687 /* ChatRoomDelegate.swift */ = {isa = PBXFileReference; fileEncoding = 4; lastKnownFileType = sourcecode.swift; path = ChatRoomDelegate.swift; sourceTree = "<group>"; };
		142319111ED07B4400F63687 /* NotificationName+Extensions.swift */ = {isa = PBXFileReference; fileEncoding = 4; lastKnownFileType = sourcecode.swift; path = "NotificationName+Extensions.swift"; sourceTree = "<group>"; };
		1474A7261ED2F9F3009464BD /* JSTP.framework */ = {isa = PBXFileReference; lastKnownFileType = wrapper.framework; path = JSTP.framework; sourceTree = "<group>"; };
		1474A7271ED2F9F3009464BD /* Socket.framework */ = {isa = PBXFileReference; lastKnownFileType = wrapper.framework; path = Socket.framework; sourceTree = "<group>"; };
		14CBECC81ED08ECD008B6587 /* Events.swift */ = {isa = PBXFileReference; fileEncoding = 4; lastKnownFileType = sourcecode.swift; path = Events.swift; sourceTree = "<group>"; };
		14E3BA651EE467A100739F46 /* Error.swift */ = {isa = PBXFileReference; fileEncoding = 4; lastKnownFileType = sourcecode.swift; path = Error.swift; sourceTree = "<group>"; };
		1B814286C647E3437F73483E /* Pods-MetaCom-iOS.release.xcconfig */ = {isa = PBXFileReference; includeInIndex = 1; lastKnownFileType = text.xcconfig; name = "Pods-MetaCom-iOS.release.xcconfig"; path = "Pods/Target Support Files/Pods-MetaCom-iOS/Pods-MetaCom-iOS.release.xcconfig"; sourceTree = "<group>"; };
		2451D1FAFDD4B14897641018 /* Pods-MetaCom-iOS.debug.xcconfig */ = {isa = PBXFileReference; includeInIndex = 1; lastKnownFileType = text.xcconfig; name = "Pods-MetaCom-iOS.debug.xcconfig"; path = "Pods/Target Support Files/Pods-MetaCom-iOS/Pods-MetaCom-iOS.debug.xcconfig"; sourceTree = "<group>"; };
		6034B7A35759EFECBB1C4B93 /* Pods_MetaCom_iOS.framework */ = {isa = PBXFileReference; explicitFileType = wrapper.framework; includeInIndex = 0; path = Pods_MetaCom_iOS.framework; sourceTree = BUILT_PRODUCTS_DIR; };
		8F035ECF1EEEDE2100E597A0 /* FilePickerController.swift */ = {isa = PBXFileReference; fileEncoding = 4; lastKnownFileType = sourcecode.swift; path = FilePickerController.swift; sourceTree = "<group>"; };
		8F035ED21EEEDEB200E597A0 /* FilePickerDelegate.swift */ = {isa = PBXFileReference; fileEncoding = 4; lastKnownFileType = sourcecode.swift; path = FilePickerDelegate.swift; sourceTree = "<group>"; };
		8F146CCE1EDD914100BC1733 /* Array+Remove.swift */ = {isa = PBXFileReference; fileEncoding = 4; lastKnownFileType = sourcecode.swift; path = "Array+Remove.swift"; sourceTree = "<group>"; };
		8F3F87B01EE9762A00B64B99 /* UIAlertController+Templates.swift */ = {isa = PBXFileReference; fileEncoding = 4; lastKnownFileType = sourcecode.swift; path = "UIAlertController+Templates.swift"; sourceTree = "<group>"; };
		8F42B8AA1ED5708400C34520 /* UIButton+ActivityIndicator.swift */ = {isa = PBXFileReference; fileEncoding = 4; lastKnownFileType = sourcecode.swift; path = "UIButton+ActivityIndicator.swift"; sourceTree = "<group>"; };
		8F42B8AC1ED57C1100C34520 /* UINavigationController+Root.swift */ = {isa = PBXFileReference; fileEncoding = 4; lastKnownFileType = sourcecode.swift; path = "UINavigationController+Root.swift"; sourceTree = "<group>"; };
		8F42B8AE1ED57F1B00C34520 /* String+Trim.swift */ = {isa = PBXFileReference; fileEncoding = 4; lastKnownFileType = sourcecode.swift; path = "String+Trim.swift"; sourceTree = "<group>"; };
		8F42B8B01ED5A13E00C34520 /* UIViewController+Content.swift */ = {isa = PBXFileReference; fileEncoding = 4; lastKnownFileType = sourcecode.swift; path = "UIViewController+Content.swift"; sourceTree = "<group>"; };
		8F6B37811F1BB82B0075FCBF /* SystemMessagesBubbleImage.swift */ = {isa = PBXFileReference; fileEncoding = 4; lastKnownFileType = sourcecode.swift; path = SystemMessagesBubbleImage.swift; sourceTree = "<group>"; };
		8F70D5DE1EF5709B00AAB2B5 /* DotView.swift */ = {isa = PBXFileReference; fileEncoding = 4; lastKnownFileType = sourcecode.swift; path = DotView.swift; sourceTree = "<group>"; };
		8F70D5E01EF57E7900AAB2B5 /* DotedActivityIndicatorView.swift */ = {isa = PBXFileReference; fileEncoding = 4; lastKnownFileType = sourcecode.swift; path = DotedActivityIndicatorView.swift; sourceTree = "<group>"; };
		8F7370DF1F1B9E7400DDCE8D /* JSQMessagesCollectionViewCellSystem.xib */ = {isa = PBXFileReference; fileEncoding = 4; lastKnownFileType = file.xib; path = JSQMessagesCollectionViewCellSystem.xib; sourceTree = "<group>"; };
		8F7370E61F1BA3A500DDCE8D /* JSQMessagesCollectionViewCellSystem.swift */ = {isa = PBXFileReference; fileEncoding = 4; lastKnownFileType = sourcecode.swift; path = JSQMessagesCollectionViewCellSystem.swift; sourceTree = "<group>"; };
		8F8425C71F1A528300C5AC6E /* UINavigationController+Progress.swift */ = {isa = PBXFileReference; fileEncoding = 4; lastKnownFileType = sourcecode.swift; path = "UINavigationController+Progress.swift"; sourceTree = "<group>"; };
		8F9E9FA21ECEEC8F004F5CD1 /* ConnectionViewController.swift */ = {isa = PBXFileReference; fileEncoding = 4; lastKnownFileType = sourcecode.swift; path = ConnectionViewController.swift; sourceTree = "<group>"; };
		8F9E9FA41ECEF8E1004F5CD1 /* FilesViewController.swift */ = {isa = PBXFileReference; fileEncoding = 4; lastKnownFileType = sourcecode.swift; path = FilesViewController.swift; sourceTree = "<group>"; };
		8F9E9FA61ECEFBD9004F5CD1 /* ChatViewController.swift */ = {isa = PBXFileReference; fileEncoding = 4; lastKnownFileType = sourcecode.swift; path = ChatViewController.swift; sourceTree = "<group>"; };
		8F9E9FA81ECEFBE5004F5CD1 /* NewChatViewController.swift */ = {isa = PBXFileReference; fileEncoding = 4; lastKnownFileType = sourcecode.swift; path = NewChatViewController.swift; sourceTree = "<group>"; };
		8FAB32E81ED81B250004BEFF /* JSQDataMediaItem.swift */ = {isa = PBXFileReference; fileEncoding = 4; lastKnownFileType = sourcecode.swift; path = JSQDataMediaItem.swift; sourceTree = "<group>"; };
		8FAB32EA1ED823560004BEFF /* DataMediaView.xib */ = {isa = PBXFileReference; fileEncoding = 4; lastKnownFileType = file.xib; path = DataMediaView.xib; sourceTree = "<group>"; };
		8FAB32EC1ED823670004BEFF /* DataMediaView.swift */ = {isa = PBXFileReference; fileEncoding = 4; lastKnownFileType = sourcecode.swift; path = DataMediaView.swift; sourceTree = "<group>"; };
		8FE14AF91EE1638D009C5FAF /* MetaCom-iOS.entitlements */ = {isa = PBXFileReference; lastKnownFileType = text.plist.entitlements; name = "MetaCom-iOS.entitlements"; path = "../MetaCom-iOS.entitlements"; sourceTree = "<group>"; };
		8FEE952F1ED8B2DD007DAE78 /* UIViewController+EndEditing.swift */ = {isa = PBXFileReference; fileEncoding = 4; lastKnownFileType = sourcecode.swift; path = "UIViewController+EndEditing.swift"; sourceTree = "<group>"; };
/* End PBXFileReference section */

/* Begin PBXFrameworksBuildPhase section */
		142318D91ECCE14B00F63687 /* Frameworks */ = {
			isa = PBXFrameworksBuildPhase;
			buildActionMask = 2147483647;
			files = (
				1474A72A1ED2FA87009464BD /* Socket.framework in Frameworks */,
				1474A72D1ED2FAAC009464BD /* JSTP.framework in Frameworks */,
				404AF8F6726770FDA6940EA8 /* Pods_MetaCom_iOS.framework in Frameworks */,
			);
			runOnlyForDeploymentPostprocessing = 0;
		};
/* End PBXFrameworksBuildPhase section */

/* Begin PBXGroup section */
		140E073C1ED18FC400D8FB7D /* Vendor */ = {
			isa = PBXGroup;
			children = (
				1474A7261ED2F9F3009464BD /* JSTP.framework */,
				1474A7271ED2F9F3009464BD /* Socket.framework */,
			);
			path = Vendor;
			sourceTree = "<group>";
		};
		142318D31ECCE14B00F63687 = {
			isa = PBXGroup;
			children = (
				140E073C1ED18FC400D8FB7D /* Vendor */,
				142318DE1ECCE14B00F63687 /* MetaCom-iOS */,
				142318DD1ECCE14B00F63687 /* Products */,
				7C8A742E3C5C6ACA44545107 /* Pods */,
				6E4B011D50B2539AD81C3505 /* Frameworks */,
			);
			sourceTree = "<group>";
		};
		142318DD1ECCE14B00F63687 /* Products */ = {
			isa = PBXGroup;
			children = (
				142318DC1ECCE14B00F63687 /* MetaCom-iOS.app */,
			);
			name = Products;
			sourceTree = "<group>";
		};
		142318DE1ECCE14B00F63687 /* MetaCom-iOS */ = {
			isa = PBXGroup;
			children = (
				142318DF1ECCE14B00F63687 /* AppDelegate.swift */,
				142319011ECCF2F800F63687 /* Constants.swift */,
				142318F41ECCE47100F63687 /* Core */,
				142319001ECCF2B300F63687 /* Extensions */,
				142318F31ECCE1CE00F63687 /* Supporting */,
				142318F11ECCE1A600F63687 /* Storyboards */,
				142318F21ECCE1B300F63687 /* ViewControllers */,
				8FAB32E71ED8199C0004BEFF /* Views */,
			);
			path = "MetaCom-iOS";
			sourceTree = "<group>";
		};
		142318F11ECCE1A600F63687 /* Storyboards */ = {
			isa = PBXGroup;
			children = (
				142318E31ECCE14B00F63687 /* Main.storyboard */,
				142318E81ECCE14B00F63687 /* LaunchScreen.storyboard */,
			);
			path = Storyboards;
			sourceTree = "<group>";
		};
		142318F21ECCE1B300F63687 /* ViewControllers */ = {
			isa = PBXGroup;
			children = (
				8F9E9FA21ECEEC8F004F5CD1 /* ConnectionViewController.swift */,
				8F9E9FA41ECEF8E1004F5CD1 /* FilesViewController.swift */,
				8F9E9FA81ECEFBE5004F5CD1 /* NewChatViewController.swift */,
				8F9E9FA61ECEFBD9004F5CD1 /* ChatViewController.swift */,
				8F035ED11EEEDE5A00E597A0 /* File Picker */,
			);
			path = ViewControllers;
			sourceTree = "<group>";
		};
		142318F31ECCE1CE00F63687 /* Supporting */ = {
			isa = PBXGroup;
			children = (
				8FE14AF91EE1638D009C5FAF /* MetaCom-iOS.entitlements */,
				142318EB1ECCE14B00F63687 /* Info.plist */,
				142318E61ECCE14B00F63687 /* Assets.xcassets */,
			);
			path = Supporting;
			sourceTree = "<group>";
		};
		142318F41ECCE47100F63687 /* Core */ = {
			isa = PBXGroup;
			children = (
				142319031ECDD8FF00F63687 /* Models */,
			);
			path = Core;
			sourceTree = "<group>";
		};
		142319001ECCF2B300F63687 /* Extensions */ = {
			isa = PBXGroup;
			children = (
				142319111ED07B4400F63687 /* NotificationName+Extensions.swift */,
				8F42B8AA1ED5708400C34520 /* UIButton+ActivityIndicator.swift */,
				8F42B8AC1ED57C1100C34520 /* UINavigationController+Root.swift */,
				8F42B8B01ED5A13E00C34520 /* UIViewController+Content.swift */,
				8FEE952F1ED8B2DD007DAE78 /* UIViewController+EndEditing.swift */,
				8F42B8AE1ED57F1B00C34520 /* String+Trim.swift */,
				8F146CCE1EDD914100BC1733 /* Array+Remove.swift */,
				8F3F87B01EE9762A00B64B99 /* UIAlertController+Templates.swift */,
				8F8425C71F1A528300C5AC6E /* UINavigationController+Progress.swift */,
			);
			path = Extensions;
			sourceTree = "<group>";
		};
		142319031ECDD8FF00F63687 /* Models */ = {
			isa = PBXGroup;
			children = (
				14CBECC81ED08ECD008B6587 /* Events.swift */,
				142318FE1ECCE9DA00F63687 /* ChatRoom.swift */,
				142318FB1ECCE9C700F63687 /* ChatRoomManager.swift */,
				142318F91ECCE9BE00F63687 /* FileManager.swift */,
				142319041ECDDE0900F63687 /* Message.swift */,
				142318F71ECCE9AE00F63687 /* UserConnection.swift */,
				142318F51ECCE99C00F63687 /* UserConnectionManager.swift */,
				142319061ECDEA2000F63687 /* ChatRoomDelegate.swift */,
				14E3BA651EE467A100739F46 /* Error.swift */,
			);
			path = Models;
			sourceTree = "<group>";
		};
		6E4B011D50B2539AD81C3505 /* Frameworks */ = {
			isa = PBXGroup;
			children = (
				6034B7A35759EFECBB1C4B93 /* Pods_MetaCom_iOS.framework */,
			);
			name = Frameworks;
			sourceTree = "<group>";
		};
		7C8A742E3C5C6ACA44545107 /* Pods */ = {
			isa = PBXGroup;
			children = (
				2451D1FAFDD4B14897641018 /* Pods-MetaCom-iOS.debug.xcconfig */,
				1B814286C647E3437F73483E /* Pods-MetaCom-iOS.release.xcconfig */,
			);
			name = Pods;
			sourceTree = "<group>";
		};
		8F035ED11EEEDE5A00E597A0 /* File Picker */ = {
			isa = PBXGroup;
			children = (
				8F035ECF1EEEDE2100E597A0 /* FilePickerController.swift */,
				8F035ED21EEEDEB200E597A0 /* FilePickerDelegate.swift */,
			);
			path = "File Picker";
			sourceTree = "<group>";
		};
		8F0BFBAD1EF684F000074837 /* DotsActivityIndicator */ = {
			isa = PBXGroup;
			children = (
				8F70D5DE1EF5709B00AAB2B5 /* DotView.swift */,
				8F70D5E01EF57E7900AAB2B5 /* DotedActivityIndicatorView.swift */,
			);
			name = DotsActivityIndicator;
			sourceTree = "<group>";
		};
		8F0BFBAE1EF6852E00074837 /* DataMediaItem */ = {
			isa = PBXGroup;
			children = (
				8FAB32E81ED81B250004BEFF /* JSQDataMediaItem.swift */,
				8FAB32EC1ED823670004BEFF /* DataMediaView.swift */,
				8FAB32EA1ED823560004BEFF /* DataMediaView.xib */,
			);
			name = DataMediaItem;
			sourceTree = "<group>";
		};
		8F2EF3CF1F1B8E55002E7C8B /* SystemCell */ = {
			isa = PBXGroup;
			children = (
				8F7370E61F1BA3A500DDCE8D /* JSQMessagesCollectionViewCellSystem.swift */,
				8F7370DF1F1B9E7400DDCE8D /* JSQMessagesCollectionViewCellSystem.xib */,
				8F6B37811F1BB82B0075FCBF /* SystemMessagesBubbleImage.swift */,
			);
			name = SystemCell;
			sourceTree = "<group>";
		};
		8FAB32E71ED8199C0004BEFF /* Views */ = {
			isa = PBXGroup;
			children = (
				8F2EF3CF1F1B8E55002E7C8B /* SystemCell */,
				8F0BFBAE1EF6852E00074837 /* DataMediaItem */,
				8F0BFBAD1EF684F000074837 /* DotsActivityIndicator */,
			);
			path = Views;
			sourceTree = "<group>";
		};
/* End PBXGroup section */

/* Begin PBXNativeTarget section */
		142318DB1ECCE14B00F63687 /* MetaCom-iOS */ = {
			isa = PBXNativeTarget;
			buildConfigurationList = 142318EE1ECCE14B00F63687 /* Build configuration list for PBXNativeTarget "MetaCom-iOS" */;
			buildPhases = (
				F450E6A2416A6BE6C86ED89A /* [CP] Check Pods Manifest.lock */,
				142318D81ECCE14B00F63687 /* Sources */,
				142318D91ECCE14B00F63687 /* Frameworks */,
				142318DA1ECCE14B00F63687 /* Resources */,
				434B471473F28DE4A6548C2B /* [CP] Embed Pods Frameworks */,
				3826789E18CEB52A63DB41FB /* [CP] Copy Pods Resources */,
				1474A72C1ED2FA87009464BD /* Embed Frameworks */,
			);
			buildRules = (
			);
			dependencies = (
			);
			name = "MetaCom-iOS";
			productName = "MetaCom-iOS";
			productReference = 142318DC1ECCE14B00F63687 /* MetaCom-iOS.app */;
			productType = "com.apple.product-type.application";
		};
/* End PBXNativeTarget section */

/* Begin PBXProject section */
		142318D41ECCE14B00F63687 /* Project object */ = {
			isa = PBXProject;
			attributes = {
				LastSwiftUpdateCheck = 0830;
				LastUpgradeCheck = 0830;
				ORGANIZATIONNAME = Metarhia;
				TargetAttributes = {
					142318DB1ECCE14B00F63687 = {
						CreatedOnToolsVersion = 8.3.2;
						DevelopmentTeam = Q5WSPT927E;
						ProvisioningStyle = Automatic;
						SystemCapabilities = {
							com.apple.iCloud = {
								enabled = 1;
							};
						};
					};
				};
			};
			buildConfigurationList = 142318D71ECCE14B00F63687 /* Build configuration list for PBXProject "MetaCom-iOS" */;
			compatibilityVersion = "Xcode 3.2";
			developmentRegion = English;
			hasScannedForEncodings = 0;
			knownRegions = (
				en,
				Base,
			);
			mainGroup = 142318D31ECCE14B00F63687;
			productRefGroup = 142318DD1ECCE14B00F63687 /* Products */;
			projectDirPath = "";
			projectRoot = "";
			targets = (
				142318DB1ECCE14B00F63687 /* MetaCom-iOS */,
			);
		};
/* End PBXProject section */

/* Begin PBXResourcesBuildPhase section */
		142318DA1ECCE14B00F63687 /* Resources */ = {
			isa = PBXResourcesBuildPhase;
			buildActionMask = 2147483647;
			files = (
				142318EA1ECCE14B00F63687 /* LaunchScreen.storyboard in Resources */,
				142318E71ECCE14B00F63687 /* Assets.xcassets in Resources */,
				142318E51ECCE14B00F63687 /* Main.storyboard in Resources */,
				8FAB32EB1ED823560004BEFF /* DataMediaView.xib in Resources */,
				8F7370E01F1B9E7400DDCE8D /* JSQMessagesCollectionViewCellSystem.xib in Resources */,
			);
			runOnlyForDeploymentPostprocessing = 0;
		};
/* End PBXResourcesBuildPhase section */

/* Begin PBXShellScriptBuildPhase section */
		3826789E18CEB52A63DB41FB /* [CP] Copy Pods Resources */ = {
			isa = PBXShellScriptBuildPhase;
			buildActionMask = 2147483647;
			files = (
			);
			inputPaths = (
			);
			name = "[CP] Copy Pods Resources";
			outputPaths = (
			);
			runOnlyForDeploymentPostprocessing = 0;
			shellPath = /bin/sh;
			shellScript = "\"${SRCROOT}/Pods/Target Support Files/Pods-MetaCom-iOS/Pods-MetaCom-iOS-resources.sh\"\n";
			showEnvVarsInLog = 0;
		};
		434B471473F28DE4A6548C2B /* [CP] Embed Pods Frameworks */ = {
			isa = PBXShellScriptBuildPhase;
			buildActionMask = 2147483647;
			files = (
			);
			inputPaths = (
			);
			name = "[CP] Embed Pods Frameworks";
			outputPaths = (
			);
			runOnlyForDeploymentPostprocessing = 0;
			shellPath = /bin/sh;
			shellScript = "\"${SRCROOT}/Pods/Target Support Files/Pods-MetaCom-iOS/Pods-MetaCom-iOS-frameworks.sh\"\n";
			showEnvVarsInLog = 0;
		};
		F450E6A2416A6BE6C86ED89A /* [CP] Check Pods Manifest.lock */ = {
			isa = PBXShellScriptBuildPhase;
			buildActionMask = 2147483647;
			files = (
			);
			inputPaths = (
			);
			name = "[CP] Check Pods Manifest.lock";
			outputPaths = (
			);
			runOnlyForDeploymentPostprocessing = 0;
			shellPath = /bin/sh;
			shellScript = "diff \"${PODS_PODFILE_DIR_PATH}/Podfile.lock\" \"${PODS_ROOT}/Manifest.lock\" > /dev/null\nif [ $? != 0 ] ; then\n    # print error to STDERR\n    echo \"error: The sandbox is not in sync with the Podfile.lock. Run 'pod install' or update your CocoaPods installation.\" >&2\n    exit 1\nfi\n";
			showEnvVarsInLog = 0;
		};
/* End PBXShellScriptBuildPhase section */

/* Begin PBXSourcesBuildPhase section */
		142318D81ECCE14B00F63687 /* Sources */ = {
			isa = PBXSourcesBuildPhase;
			buildActionMask = 2147483647;
			files = (
				8F8425C81F1A528300C5AC6E /* UINavigationController+Progress.swift in Sources */,
				142319071ECDEA2000F63687 /* ChatRoomDelegate.swift in Sources */,
				142318FA1ECCE9BE00F63687 /* FileManager.swift in Sources */,
				142318FC1ECCE9C700F63687 /* ChatRoomManager.swift in Sources */,
				8F035ED01EEEDE2100E597A0 /* FilePickerController.swift in Sources */,
				8FEE95301ED8B2DD007DAE78 /* UIViewController+EndEditing.swift in Sources */,
				142318FF1ECCE9DA00F63687 /* ChatRoom.swift in Sources */,
				8F6B37821F1BB82B0075FCBF /* SystemMessagesBubbleImage.swift in Sources */,
				8F42B8AB1ED5708400C34520 /* UIButton+ActivityIndicator.swift in Sources */,
				8FAB32ED1ED823670004BEFF /* DataMediaView.swift in Sources */,
				142319051ECDDE0900F63687 /* Message.swift in Sources */,
				142318F61ECCE99C00F63687 /* UserConnectionManager.swift in Sources */,
				8F42B8AD1ED57C1100C34520 /* UINavigationController+Root.swift in Sources */,
				8F7370E71F1BA3A500DDCE8D /* JSQMessagesCollectionViewCellSystem.swift in Sources */,
				142318F81ECCE9AE00F63687 /* UserConnection.swift in Sources */,
				142318E01ECCE14B00F63687 /* AppDelegate.swift in Sources */,
				8F9E9FA51ECEF8E1004F5CD1 /* FilesViewController.swift in Sources */,
				8F70D5E11EF57E7900AAB2B5 /* DotedActivityIndicatorView.swift in Sources */,
				14CBECC91ED08ECD008B6587 /* Events.swift in Sources */,
				8F3F87B11EE9762A00B64B99 /* UIAlertController+Templates.swift in Sources */,
				8F42B8B11ED5A13E00C34520 /* UIViewController+Content.swift in Sources */,
				142319021ECCF2F800F63687 /* Constants.swift in Sources */,
				14E3BA661EE467A100739F46 /* Error.swift in Sources */,
				8F9E9FA71ECEFBD9004F5CD1 /* ChatViewController.swift in Sources */,
				8F9E9FA31ECEEC8F004F5CD1 /* ConnectionViewController.swift in Sources */,
				8FAB32E91ED81B250004BEFF /* JSQDataMediaItem.swift in Sources */,
				8F70D5DF1EF5709B00AAB2B5 /* DotView.swift in Sources */,
				142319121ED07B4400F63687 /* NotificationName+Extensions.swift in Sources */,
				8F146CCF1EDD914100BC1733 /* Array+Remove.swift in Sources */,
				8F42B8AF1ED57F1B00C34520 /* String+Trim.swift in Sources */,
				8F035ED31EEEDEB200E597A0 /* FilePickerDelegate.swift in Sources */,
				8F9E9FA91ECEFBE5004F5CD1 /* NewChatViewController.swift in Sources */,
			);
			runOnlyForDeploymentPostprocessing = 0;
		};
/* End PBXSourcesBuildPhase section */

/* Begin PBXVariantGroup section */
		142318E31ECCE14B00F63687 /* Main.storyboard */ = {
			isa = PBXVariantGroup;
			children = (
				142318E41ECCE14B00F63687 /* Base */,
			);
			name = Main.storyboard;
			path = "MetaCom-iOS/Storyboards";
			sourceTree = SOURCE_ROOT;
		};
		142318E81ECCE14B00F63687 /* LaunchScreen.storyboard */ = {
			isa = PBXVariantGroup;
			children = (
				142318E91ECCE14B00F63687 /* Base */,
			);
			name = LaunchScreen.storyboard;
			sourceTree = "<group>";
		};
/* End PBXVariantGroup section */

/* Begin XCBuildConfiguration section */
		142318EC1ECCE14B00F63687 /* Debug */ = {
			isa = XCBuildConfiguration;
			buildSettings = {
				ALWAYS_SEARCH_USER_PATHS = NO;
				CLANG_ANALYZER_NONNULL = YES;
				CLANG_ANALYZER_NUMBER_OBJECT_CONVERSION = YES_AGGRESSIVE;
				CLANG_CXX_LANGUAGE_STANDARD = "gnu++0x";
				CLANG_CXX_LIBRARY = "libc++";
				CLANG_ENABLE_MODULES = YES;
				CLANG_ENABLE_OBJC_ARC = YES;
				CLANG_WARN_BOOL_CONVERSION = YES;
				CLANG_WARN_CONSTANT_CONVERSION = YES;
				CLANG_WARN_DIRECT_OBJC_ISA_USAGE = YES_ERROR;
				CLANG_WARN_DOCUMENTATION_COMMENTS = YES;
				CLANG_WARN_EMPTY_BODY = YES;
				CLANG_WARN_ENUM_CONVERSION = YES;
				CLANG_WARN_INFINITE_RECURSION = YES;
				CLANG_WARN_INT_CONVERSION = YES;
				CLANG_WARN_OBJC_ROOT_CLASS = YES_ERROR;
				CLANG_WARN_SUSPICIOUS_MOVE = YES;
				CLANG_WARN_UNREACHABLE_CODE = YES;
				CLANG_WARN__DUPLICATE_METHOD_MATCH = YES;
				"CODE_SIGN_IDENTITY[sdk=iphoneos*]" = "iPhone Developer";
				COPY_PHASE_STRIP = NO;
				DEBUG_INFORMATION_FORMAT = dwarf;
				ENABLE_STRICT_OBJC_MSGSEND = YES;
				ENABLE_TESTABILITY = YES;
				GCC_C_LANGUAGE_STANDARD = gnu99;
				GCC_DYNAMIC_NO_PIC = NO;
				GCC_NO_COMMON_BLOCKS = YES;
				GCC_OPTIMIZATION_LEVEL = 0;
				GCC_PREPROCESSOR_DEFINITIONS = (
					"DEBUG=1",
					"$(inherited)",
				);
				GCC_WARN_64_TO_32_BIT_CONVERSION = YES;
				GCC_WARN_ABOUT_RETURN_TYPE = YES_ERROR;
				GCC_WARN_UNDECLARED_SELECTOR = YES;
				GCC_WARN_UNINITIALIZED_AUTOS = YES_AGGRESSIVE;
				GCC_WARN_UNUSED_FUNCTION = YES;
				GCC_WARN_UNUSED_VARIABLE = YES;
				IPHONEOS_DEPLOYMENT_TARGET = 10.3;
				MTL_ENABLE_DEBUG_INFO = YES;
				ONLY_ACTIVE_ARCH = YES;
				SDKROOT = iphoneos;
				SWIFT_ACTIVE_COMPILATION_CONDITIONS = DEBUG;
				SWIFT_OPTIMIZATION_LEVEL = "-Onone";
				TARGETED_DEVICE_FAMILY = "1,2";
			};
			name = Debug;
		};
		142318ED1ECCE14B00F63687 /* Release */ = {
			isa = XCBuildConfiguration;
			buildSettings = {
				ALWAYS_SEARCH_USER_PATHS = NO;
				CLANG_ANALYZER_NONNULL = YES;
				CLANG_ANALYZER_NUMBER_OBJECT_CONVERSION = YES_AGGRESSIVE;
				CLANG_CXX_LANGUAGE_STANDARD = "gnu++0x";
				CLANG_CXX_LIBRARY = "libc++";
				CLANG_ENABLE_MODULES = YES;
				CLANG_ENABLE_OBJC_ARC = YES;
				CLANG_WARN_BOOL_CONVERSION = YES;
				CLANG_WARN_CONSTANT_CONVERSION = YES;
				CLANG_WARN_DIRECT_OBJC_ISA_USAGE = YES_ERROR;
				CLANG_WARN_DOCUMENTATION_COMMENTS = YES;
				CLANG_WARN_EMPTY_BODY = YES;
				CLANG_WARN_ENUM_CONVERSION = YES;
				CLANG_WARN_INFINITE_RECURSION = YES;
				CLANG_WARN_INT_CONVERSION = YES;
				CLANG_WARN_OBJC_ROOT_CLASS = YES_ERROR;
				CLANG_WARN_SUSPICIOUS_MOVE = YES;
				CLANG_WARN_UNREACHABLE_CODE = YES;
				CLANG_WARN__DUPLICATE_METHOD_MATCH = YES;
				"CODE_SIGN_IDENTITY[sdk=iphoneos*]" = "iPhone Developer";
				COPY_PHASE_STRIP = NO;
				DEBUG_INFORMATION_FORMAT = "dwarf-with-dsym";
				ENABLE_NS_ASSERTIONS = NO;
				ENABLE_STRICT_OBJC_MSGSEND = YES;
				GCC_C_LANGUAGE_STANDARD = gnu99;
				GCC_NO_COMMON_BLOCKS = YES;
				GCC_WARN_64_TO_32_BIT_CONVERSION = YES;
				GCC_WARN_ABOUT_RETURN_TYPE = YES_ERROR;
				GCC_WARN_UNDECLARED_SELECTOR = YES;
				GCC_WARN_UNINITIALIZED_AUTOS = YES_AGGRESSIVE;
				GCC_WARN_UNUSED_FUNCTION = YES;
				GCC_WARN_UNUSED_VARIABLE = YES;
				IPHONEOS_DEPLOYMENT_TARGET = 10.3;
				MTL_ENABLE_DEBUG_INFO = NO;
				SDKROOT = iphoneos;
				SWIFT_OPTIMIZATION_LEVEL = "-Owholemodule";
				TARGETED_DEVICE_FAMILY = "1,2";
				VALIDATE_PRODUCT = YES;
			};
			name = Release;
		};
		142318EF1ECCE14B00F63687 /* Debug */ = {
			isa = XCBuildConfiguration;
			baseConfigurationReference = 2451D1FAFDD4B14897641018 /* Pods-MetaCom-iOS.debug.xcconfig */;
			buildSettings = {
				ASSETCATALOG_COMPILER_APPICON_NAME = AppIcon;
				CODE_SIGN_ENTITLEMENTS = "MetaCom-iOS/MetaCom-iOS.entitlements";
				DEVELOPMENT_TEAM = Q5WSPT927E;
				FRAMEWORK_SEARCH_PATHS = (
					"$(inherited)",
					"$(PROJECT_DIR)/MetaCom-iOS",
					"$(PROJECT_DIR)",
					"$(PROJECT_DIR)/Vendor",
				);
				INFOPLIST_FILE = "$(SRCROOT)/MetaCom-iOS/Supporting/Info.plist";
				LD_RUNPATH_SEARCH_PATHS = "$(inherited) @executable_path/Frameworks";
				PRODUCT_BUNDLE_IDENTIFIER = com.metarhia.MetaCom;
				PRODUCT_NAME = "$(TARGET_NAME)";
				SWIFT_VERSION = 3.0;
			};
			name = Debug;
		};
		142318F01ECCE14B00F63687 /* Release */ = {
			isa = XCBuildConfiguration;
			baseConfigurationReference = 1B814286C647E3437F73483E /* Pods-MetaCom-iOS.release.xcconfig */;
			buildSettings = {
				ASSETCATALOG_COMPILER_APPICON_NAME = AppIcon;
				CODE_SIGN_ENTITLEMENTS = "MetaCom-iOS/MetaCom-iOS.entitlements";
				DEVELOPMENT_TEAM = Q5WSPT927E;
				FRAMEWORK_SEARCH_PATHS = (
					"$(inherited)",
					"$(PROJECT_DIR)/MetaCom-iOS",
					"$(PROJECT_DIR)",
					"$(PROJECT_DIR)/Vendor",
				);
				INFOPLIST_FILE = "$(SRCROOT)/MetaCom-iOS/Supporting/Info.plist";
				LD_RUNPATH_SEARCH_PATHS = "$(inherited) @executable_path/Frameworks";
				PRODUCT_BUNDLE_IDENTIFIER = com.metarhia.MetaCom;
				PRODUCT_NAME = "$(TARGET_NAME)";
				SWIFT_VERSION = 3.0;
			};
			name = Release;
		};
/* End XCBuildConfiguration section */

/* Begin XCConfigurationList section */
		142318D71ECCE14B00F63687 /* Build configuration list for PBXProject "MetaCom-iOS" */ = {
			isa = XCConfigurationList;
			buildConfigurations = (
				142318EC1ECCE14B00F63687 /* Debug */,
				142318ED1ECCE14B00F63687 /* Release */,
			);
			defaultConfigurationIsVisible = 0;
			defaultConfigurationName = Release;
		};
		142318EE1ECCE14B00F63687 /* Build configuration list for PBXNativeTarget "MetaCom-iOS" */ = {
			isa = XCConfigurationList;
			buildConfigurations = (
				142318EF1ECCE14B00F63687 /* Debug */,
				142318F01ECCE14B00F63687 /* Release */,
			);
			defaultConfigurationIsVisible = 0;
			defaultConfigurationName = Release;
		};
/* End XCConfigurationList section */
	};
	rootObject = 142318D41ECCE14B00F63687 /* Project object */;
}
